
Microsoft Visual Studio Solution File, Format Version 12.00
# Visual Studio Version 17
Project("{8BC9CEB8-8B4A-11D0-8D11-00A0C91BC942}") = "ALL_BUILD", "ALL_BUILD.vcxproj", "{31CB052F-1E5B-37AE-92C8-0EA245C431E2}"
	ProjectSection(ProjectDependencies) = postProject
		{6AEF50EF-CE4F-3A99-A78C-5607A3932E40} = {6AEF50EF-CE4F-3A99-A78C-5607A3932E40}
		{61F014C9-E70B-3B7A-A3B1-A719B1D0755D} = {61F014C9-E70B-3B7A-A3B1-A719B1D0755D}
		{B071083C-AD30-3AD6-8A1B-6F6B7DCE9FC3} = {B071083C-AD30-3AD6-8A1B-6F6B7DCE9FC3}
		{0CCAAB72-88AB-384C-927F-ACBB4B406447} = {0CCAAB72-88AB-384C-927F-ACBB4B406447}
		{7E88B660-D499-3C15-8B36-DEA512618091} = {7E88B660-D499-3C15-8B36-DEA512618091}
		{F54E5537-0AC2-3901-A859-8B382CB12FB9} = {F54E5537-0AC2-3901-A859-8B382CB12FB9}
		{D51953C9-BA3A-3E9C-8B94-CC0390287E75} = {D51953C9-BA3A-3E9C-8B94-CC0390287E75}
		{3A0C23AF-6305-31F7-B712-15130B36A769} = {3A0C23AF-6305-31F7-B712-15130B36A769}
		{13CF323F-1BAB-34E6-A88D-8D00A7B6035B} = {13CF323F-1BAB-34E6-A88D-8D00A7B6035B}
		{771CFE98-4422-3702-8A98-7A226F9880A4} = {771CFE98-4422-3702-8A98-7A226F9880A4}
		{A3DC472A-DA09-37AB-A515-070264589B50} = {A3DC472A-DA09-37AB-A515-070264589B50}
		{0F4EFA8A-CF7A-30FF-9B1D-9DCD977C4D7B} = {0F4EFA8A-CF7A-30FF-9B1D-9DCD977C4D7B}
		{C08ACDA0-CF2C-3C2D-8FEC-FC4DBA110EFA} = {C08ACDA0-CF2C-3C2D-8FEC-FC4DBA110EFA}
		{9C0D5D26-F9EA-3AC2-8389-72CA22C37B46} = {9C0D5D26-F9EA-3AC2-8389-72CA22C37B46}
		{FCA85AAC-73F4-3034-A73F-13A65D110D25} = {FCA85AAC-73F4-3034-A73F-13A65D110D25}
		{062802A7-64A6-3C0F-8D15-4F22701A2C32} = {062802A7-64A6-3C0F-8D15-4F22701A2C32}
		{DF4A347A-0073-3D1A-AD17-E35504B693A7} = {DF4A347A-0073-3D1A-AD17-E35504B693A7}
		{FBA68786-D165-30B7-808B-B5A2A56FE012} = {FBA68786-D165-30B7-808B-B5A2A56FE012}
		{5C422C73-ECC3-3DD5-B607-AC0C6EBCDA30} = {5C422C73-ECC3-3DD5-B607-AC0C6EBCDA30}
		{F7C9EDFC-F7D5-342B-97F1-9F9ECE2AFB53} = {F7C9EDFC-F7D5-342B-97F1-9F9ECE2AFB53}
		{B23285B2-B05D-36AC-85BB-2472110F8B3B} = {B23285B2-B05D-36AC-85BB-2472110F8B3B}
		{890B4F38-4C73-3163-A375-7E598013D827} = {890B4F38-4C73-3163-A375-7E598013D827}
		{D0888F21-8E0E-3719-8A0D-CD71AF01D51E} = {D0888F21-8E0E-3719-8A0D-CD71AF01D51E}
		{C5923698-78E6-37AE-A37F-940144F00BB1} = {C5923698-78E6-37AE-A37F-940144F00BB1}
		{3C473996-5205-3E33-BE04-9CA8811DB54E} = {3C473996-5205-3E33-BE04-9CA8811DB54E}
		{12A3D904-EB02-3AED-9AD2-E739FDFC4738} = {12A3D904-EB02-3AED-9AD2-E739FDFC4738}
		{632CFB4B-AAF9-3276-AA2F-553D2F20D80E} = {632CFB4B-AAF9-3276-AA2F-553D2F20D80E}
		{5C976E2A-088D-380D-B198-C7E3EF538499} = {5C976E2A-088D-380D-B198-C7E3EF538499}
		{22920B76-0958-3697-82A2-7713C0594AA1} = {22920B76-0958-3697-82A2-7713C0594AA1}
		{309DF88D-20DB-31A0-8438-450E81484F22} = {309DF88D-20DB-31A0-8438-450E81484F22}
		{1214F55C-5ACA-34B2-B695-C9CD9AB2D79D} = {1214F55C-5ACA-34B2-B695-C9CD9AB2D79D}
		{3318AB14-5939-3EDA-B63C-A364DB4A3FDE} = {3318AB14-5939-3EDA-B63C-A364DB4A3FDE}
		{673F3EBC-6AF9-3D85-B394-FA24D2BBB48D} = {673F3EBC-6AF9-3D85-B394-FA24D2BBB48D}
		{8BB2110C-4855-33E7-B918-AAE166A98230} = {8BB2110C-4855-33E7-B918-AAE166A98230}
		{699BB154-1624-3A1F-B48C-C4CA7E3C44AD} = {699BB154-1624-3A1F-B48C-C4CA7E3C44AD}
		{6A3540A5-E82C-321C-AD9D-9253B84A6611} = {6A3540A5-E82C-321C-AD9D-9253B84A6611}
		{38B09D70-E626-3E2C-90CA-A57E68A2813A} = {38B09D70-E626-3E2C-90CA-A57E68A2813A}
		{677A001A-E0A7-3851-88DF-6860535F1C87} = {677A001A-E0A7-3851-88DF-6860535F1C87}
		{776230BA-C2D6-3B8A-8D7D-24A5D6CC5EEE} = {776230BA-C2D6-3B8A-8D7D-24A5D6CC5EEE}
		{15152032-F3D5-3887-ABBA-D51959FD0A8D} = {15152032-F3D5-3887-ABBA-D51959FD0A8D}
		{AAC86504-7CE4-3BA0-B990-0A998646B0A2} = {AAC86504-7CE4-3BA0-B990-0A998646B0A2}
		{516C1F63-94DB-348E-AFEB-232340C97C3C} = {516C1F63-94DB-348E-AFEB-232340C97C3C}
		{8D81ABB9-83E5-38B6-A2B2-9EA5EE93C6E1} = {8D81ABB9-83E5-38B6-A2B2-9EA5EE93C6E1}
		{266B8A8D-C570-3E69-8540-8D44C0CDB81C} = {266B8A8D-C570-3E69-8540-8D44C0CDB81C}
		{0B32C6E7-8CF7-3B1C-A625-908E46EE2905} = {0B32C6E7-8CF7-3B1C-A625-908E46EE2905}
		{3A3B7075-8391-316B-9F7D-1DE5BE1AAE48} = {3A3B7075-8391-316B-9F7D-1DE5BE1AAE48}
		{053F7EC7-2224-39E3-90A1-AB2AFE1B6DAD} = {053F7EC7-2224-39E3-90A1-AB2AFE1B6DAD}
		{643B189C-206B-3398-BCFA-92A0776E0EF3} = {643B189C-206B-3398-BCFA-92A0776E0EF3}
		{55B982E7-D7B7-3EF0-B12D-07569DE991B1} = {55B982E7-D7B7-3EF0-B12D-07569DE991B1}
		{910368F9-E841-3BF1-A7F3-9E6C058CE6BA} = {910368F9-E841-3BF1-A7F3-9E6C058CE6BA}
		{49D5C6A3-E5BF-37AC-85C5-2FA45F617079} = {49D5C6A3-E5BF-37AC-85C5-2FA45F617079}
		{A92E0738-5CFB-3069-91C2-49EF0531D58E} = {A92E0738-5CFB-3069-91C2-49EF0531D58E}
		{5033F0CE-4F42-3F22-922B-15F5B942A615} = {5033F0CE-4F42-3F22-922B-15F5B942A615}
		{A6BF23B0-1CDB-312D-9F31-95FE0FC4D315} = {A6BF23B0-1CDB-312D-9F31-95FE0FC4D315}
		{C312185F-195D-3ADA-8373-1660F949EA05} = {C312185F-195D-3ADA-8373-1660F949EA05}
	EndProjectSection
EndProject
Project("{8BC9CEB8-8B4A-11D0-8D11-00A0C91BC942}") = "ZERO_CHECK", "ZERO_CHECK.vcxproj", "{6AEF50EF-CE4F-3A99-A78C-5607A3932E40}"
	ProjectSection(ProjectDependencies) = postProject
	EndProjectSection
EndProject
Project("{8BC9CEB8-8B4A-11D0-8D11-00A0C91BC942}") = "agent", "agent.vcxproj", "{61F014C9-E70B-3B7A-A3B1-A719B1D0755D}"
	ProjectSection(ProjectDependencies) = postProject
		{6AEF50EF-CE4F-3A99-A78C-5607A3932E40} = {6AEF50EF-CE4F-3A99-A78C-5607A3932E40}
	EndProjectSection
EndProject
Project("{8BC9CEB8-8B4A-11D0-8D11-00A0C91BC942}") = "all-backends", "all-backends.vcxproj", "{B071083C-AD30-3AD6-8A1B-6F6B7DCE9FC3}"
	ProjectSection(ProjectDependencies) = postProject
		{6AEF50EF-CE4F-3A99-A78C-5607A3932E40} = {6AEF50EF-CE4F-3A99-A78C-5607A3932E40}
	EndProjectSection
EndProject
Project("{8BC9CEB8-8B4A-11D0-8D11-00A0C91BC942}") = "bidi_gettype", "bidi_gettype.vcxproj", "{0CCAAB72-88AB-384C-927F-ACBB4B406447}"
	ProjectSection(ProjectDependencies) = postProject
		{6AEF50EF-CE4F-3A99-A78C-5607A3932E40} = {6AEF50EF-CE4F-3A99-A78C-5607A3932E40}
		{771CFE98-4422-3702-8A98-7A226F9880A4} = {771CFE98-4422-3702-8A98-7A226F9880A4}
		{C312185F-195D-3ADA-8373-1660F949EA05} = {C312185F-195D-3ADA-8373-1660F949EA05}
	EndProjectSection
EndProject
Project("{8BC9CEB8-8B4A-11D0-8D11-00A0C91BC942}") = "bidi_test", "bidi_test.vcxproj", "{7E88B660-D499-3C15-8B36-DEA512618091}"
	ProjectSection(ProjectDependencies) = postProject
		{6AEF50EF-CE4F-3A99-A78C-5607A3932E40} = {6AEF50EF-CE4F-3A99-A78C-5607A3932E40}
		{771CFE98-4422-3702-8A98-7A226F9880A4} = {771CFE98-4422-3702-8A98-7A226F9880A4}
		{C312185F-195D-3ADA-8373-1660F949EA05} = {C312185F-195D-3ADA-8373-1660F949EA05}
	EndProjectSection
EndProject
Project("{8BC9CEB8-8B4A-11D0-8D11-00A0C91BC942}") = "check_git_commit", "check_git_commit.vcxproj", "{BEF23F32-3A71-3B50-92A0-374F513C810A}"
	ProjectSection(ProjectDependencies) = postProject
		{6AEF50EF-CE4F-3A99-A78C-5607A3932E40} = {6AEF50EF-CE4F-3A99-A78C-5607A3932E40}
	EndProjectSection
EndProject
Project("{8BC9CEB8-8B4A-11D0-8D11-00A0C91BC942}") = "cmake_commit_c", "cmake_commit_c.vcxproj", "{2334D392-AB29-37D7-A53A-8B53DC5E4C7A}"
	ProjectSection(ProjectDependencies) = postProject
		{6AEF50EF-CE4F-3A99-A78C-5607A3932E40} = {6AEF50EF-CE4F-3A99-A78C-5607A3932E40}
		{BEF23F32-3A71-3B50-92A0-374F513C810A} = {BEF23F32-3A71-3B50-92A0-374F513C810A}
	EndProjectSection
EndProject
Project("{8BC9CEB8-8B4A-11D0-8D11-00A0C91BC942}") = "console", "console.vcxproj", "{F54E5537-0AC2-3901-A859-8B382CB12FB9}"
	ProjectSection(ProjectDependencies) = postProject
		{6AEF50EF-CE4F-3A99-A78C-5607A3932E40} = {6AEF50EF-CE4F-3A99-A78C-5607A3932E40}
	EndProjectSection
EndProject
Project("{8BC9CEB8-8B4A-11D0-8D11-00A0C91BC942}") = "crypto", "crypto.vcxproj", "{D51953C9-BA3A-3E9C-8B94-CC0390287E75}"
	ProjectSection(ProjectDependencies) = postProject
		{6AEF50EF-CE4F-3A99-A78C-5607A3932E40} = {6AEF50EF-CE4F-3A99-A78C-5607A3932E40}
		{DF4A347A-0073-3D1A-AD17-E35504B693A7} = {DF4A347A-0073-3D1A-AD17-E35504B693A7}
		{FBA68786-D165-30B7-808B-B5A2A56FE012} = {FBA68786-D165-30B7-808B-B5A2A56FE012}
		{5C422C73-ECC3-3DD5-B607-AC0C6EBCDA30} = {5C422C73-ECC3-3DD5-B607-AC0C6EBCDA30}
	EndProjectSection
EndProject
Project("{8BC9CEB8-8B4A-11D0-8D11-00A0C91BC942}") = "doc", "doc\doc.vcxproj", "{F18BAD2D-1255-32B9-9B44-2FB6B778D306}"
	ProjectSection(ProjectDependencies) = postProject
		{6AEF50EF-CE4F-3A99-A78C-5607A3932E40} = {6AEF50EF-CE4F-3A99-A78C-5607A3932E40}
		{9C0D5D26-F9EA-3AC2-8389-72CA22C37B46} = {9C0D5D26-F9EA-3AC2-8389-72CA22C37B46}
	EndProjectSection
EndProject
Project("{8BC9CEB8-8B4A-11D0-8D11-00A0C91BC942}") = "eventloop", "eventloop.vcxproj", "{3A0C23AF-6305-31F7-B712-15130B36A769}"
	ProjectSection(ProjectDependencies) = postProject
		{6AEF50EF-CE4F-3A99-A78C-5607A3932E40} = {6AEF50EF-CE4F-3A99-A78C-5607A3932E40}
		{A3DC472A-DA09-37AB-A515-070264589B50} = {A3DC472A-DA09-37AB-A515-070264589B50}
	EndProjectSection
EndProject
Project("{8BC9CEB8-8B4A-11D0-8D11-00A0C91BC942}") = "generated_licence_h", "generated_licence_h.vcxproj", "{5A8FCEB4-7B88-3D22-A5D8-F1FAE972D68F}"
	ProjectSection(ProjectDependencies) = postProject
		{6AEF50EF-CE4F-3A99-A78C-5607A3932E40} = {6AEF50EF-CE4F-3A99-A78C-5607A3932E40}
	EndProjectSection
EndProject
Project("{8BC9CEB8-8B4A-11D0-8D11-00A0C91BC942}") = "guimisc", "windows\guimisc.vcxproj", "{13CF323F-1BAB-34E6-A88D-8D00A7B6035B}"
	ProjectSection(ProjectDependencies) = postProject
		{6AEF50EF-CE4F-3A99-A78C-5607A3932E40} = {6AEF50EF-CE4F-3A99-A78C-5607A3932E40}
	EndProjectSection
EndProject
Project("{8BC9CEB8-8B4A-11D0-8D11-00A0C91BC942}") = "guiterminal", "guiterminal.vcxproj", "{771CFE98-4422-3702-8A98-7A226F9880A4}"
	ProjectSection(ProjectDependencies) = postProject
		{6AEF50EF-CE4F-3A99-A78C-5607A3932E40} = {6AEF50EF-CE4F-3A99-A78C-5607A3932E40}
		{5A8FCEB4-7B88-3D22-A5D8-F1FAE972D68F} = {5A8FCEB4-7B88-3D22-A5D8-F1FAE972D68F}
		{C08ACDA0-CF2C-3C2D-8FEC-FC4DBA110EFA} = {C08ACDA0-CF2C-3C2D-8FEC-FC4DBA110EFA}
	EndProjectSection
EndProject
Project("{8BC9CEB8-8B4A-11D0-8D11-00A0C91BC942}") = "handle-io", "windows\handle-io.vcxproj", "{A3DC472A-DA09-37AB-A515-070264589B50}"
	ProjectSection(ProjectDependencies) = postProject
		{6AEF50EF-CE4F-3A99-A78C-5607A3932E40} = {6AEF50EF-CE4F-3A99-A78C-5607A3932E40}
	EndProjectSection
EndProject
Project("{8BC9CEB8-8B4A-11D0-8D11-00A0C91BC942}") = "keygen", "keygen.vcxproj", "{0F4EFA8A-CF7A-30FF-9B1D-9DCD977C4D7B}"
	ProjectSection(ProjectDependencies) = postProject
		{6AEF50EF-CE4F-3A99-A78C-5607A3932E40} = {6AEF50EF-CE4F-3A99-A78C-5607A3932E40}
	EndProjectSection
EndProject
Project("{8BC9CEB8-8B4A-11D0-8D11-00A0C91BC942}") = "logging", "logging.vcxproj", "{C08ACDA0-CF2C-3C2D-8FEC-FC4DBA110EFA}"
	ProjectSection(ProjectDependencies) = postProject
		{6AEF50EF-CE4F-3A99-A78C-5607A3932E40} = {6AEF50EF-CE4F-3A99-A78C-5607A3932E40}
	EndProjectSection
EndProject
Project("{8BC9CEB8-8B4A-11D0-8D11-00A0C91BC942}") = "manpages", "doc\manpages.vcxproj", "{9C0D5D26-F9EA-3AC2-8389-72CA22C37B46}"
	ProjectSection(ProjectDependencies) = postProject
		{6AEF50EF-CE4F-3A99-A78C-5607A3932E40} = {6AEF50EF-CE4F-3A99-A78C-5607A3932E40}
	EndProjectSection
EndProject
Project("{8BC9CEB8-8B4A-11D0-8D11-00A0C91BC942}") = "network", "network.vcxproj", "{FCA85AAC-73F4-3034-A73F-13A65D110D25}"
	ProjectSection(ProjectDependencies) = postProject
		{6AEF50EF-CE4F-3A99-A78C-5607A3932E40} = {6AEF50EF-CE4F-3A99-A78C-5607A3932E40}
		{A3DC472A-DA09-37AB-A515-070264589B50} = {A3DC472A-DA09-37AB-A515-070264589B50}
		{C08ACDA0-CF2C-3C2D-8FEC-FC4DBA110EFA} = {C08ACDA0-CF2C-3C2D-8FEC-FC4DBA110EFA}
	EndProjectSection
EndProject
Project("{8BC9CEB8-8B4A-11D0-8D11-00A0C91BC942}") = "noterminal", "noterminal.vcxproj", "{062802A7-64A6-3C0F-8D15-4F22701A2C32}"
	ProjectSection(ProjectDependencies) = postProject
		{6AEF50EF-CE4F-3A99-A78C-5607A3932E40} = {6AEF50EF-CE4F-3A99-A78C-5607A3932E40}
	EndProjectSection
EndProject
Project("{8BC9CEB8-8B4A-11D0-8D11-00A0C91BC942}") = "object_lib_HAVE_AES_NI", "crypto\object_lib_HAVE_AES_NI.vcxproj", "{DF4A347A-0073-3D1A-AD17-E35504B693A7}"
	ProjectSection(ProjectDependencies) = postProject
		{6AEF50EF-CE4F-3A99-A78C-5607A3932E40} = {6AEF50EF-CE4F-3A99-A78C-5607A3932E40}
	EndProjectSection
EndProject
Project("{8BC9CEB8-8B4A-11D0-8D11-00A0C91BC942}") = "object_lib_HAVE_CLMUL", "crypto\object_lib_HAVE_CLMUL.vcxproj", "{FBA68786-D165-30B7-808B-B5A2A56FE012}"
	ProjectSection(ProjectDependencies) = postProject
		{6AEF50EF-CE4F-3A99-A78C-5607A3932E40} = {6AEF50EF-CE4F-3A99-A78C-5607A3932E40}
	EndProjectSection
EndProject
Project("{8BC9CEB8-8B4A-11D0-8D11-00A0C91BC942}") = "object_lib_HAVE_SHA_NI", "crypto\object_lib_HAVE_SHA_NI.vcxproj", "{5C422C73-ECC3-3DD5-B607-AC0C6EBCDA30}"
	ProjectSection(ProjectDependencies) = postProject
		{6AEF50EF-CE4F-3A99-A78C-5607A3932E40} = {6AEF50EF-CE4F-3A99-A78C-5607A3932E40}
	EndProjectSection
EndProject
Project("{8BC9CEB8-8B4A-11D0-8D11-00A0C91BC942}") = "otherbackends", "otherbackends.vcxproj", "{F7C9EDFC-F7D5-342B-97F1-9F9ECE2AFB53}"
	ProjectSection(ProjectDependencies) = postProject
		{6AEF50EF-CE4F-3A99-A78C-5607A3932E40} = {6AEF50EF-CE4F-3A99-A78C-5607A3932E40}
		{B071083C-AD30-3AD6-8A1B-6F6B7DCE9FC3} = {B071083C-AD30-3AD6-8A1B-6F6B7DCE9FC3}
		{C08ACDA0-CF2C-3C2D-8FEC-FC4DBA110EFA} = {C08ACDA0-CF2C-3C2D-8FEC-FC4DBA110EFA}
	EndProjectSection
EndProject
Project("{8BC9CEB8-8B4A-11D0-8D11-00A0C91BC942}") = "pageant", "windows\pageant.vcxproj", "{B23285B2-B05D-36AC-85BB-2472110F8B3B}"
	ProjectSection(ProjectDependencies) = postProject
		{6AEF50EF-CE4F-3A99-A78C-5607A3932E40} = {6AEF50EF-CE4F-3A99-A78C-5607A3932E40}
		{61F014C9-E70B-3B7A-A3B1-A719B1D0755D} = {61F014C9-E70B-3B7A-A3B1-A719B1D0755D}
		{D51953C9-BA3A-3E9C-8B94-CC0390287E75} = {D51953C9-BA3A-3E9C-8B94-CC0390287E75}
		{3A0C23AF-6305-31F7-B712-15130B36A769} = {3A0C23AF-6305-31F7-B712-15130B36A769}
		{5A8FCEB4-7B88-3D22-A5D8-F1FAE972D68F} = {5A8FCEB4-7B88-3D22-A5D8-F1FAE972D68F}
		{13CF323F-1BAB-34E6-A88D-8D00A7B6035B} = {13CF323F-1BAB-34E6-A88D-8D00A7B6035B}
		{FCA85AAC-73F4-3034-A73F-13A65D110D25} = {FCA85AAC-73F4-3034-A73F-13A65D110D25}
		{C312185F-195D-3ADA-8373-1660F949EA05} = {C312185F-195D-3ADA-8373-1660F949EA05}
	EndProjectSection
EndProject
Project("{8BC9CEB8-8B4A-11D0-8D11-00A0C91BC942}") = "plink", "plink.vcxproj", "{890B4F38-4C73-3163-A375-7E598013D827}"
	ProjectSection(ProjectDependencies) = postProject
		{6AEF50EF-CE4F-3A99-A78C-5607A3932E40} = {6AEF50EF-CE4F-3A99-A78C-5607A3932E40}
		{F54E5537-0AC2-3901-A859-8B382CB12FB9} = {F54E5537-0AC2-3901-A859-8B382CB12FB9}
		{D51953C9-BA3A-3E9C-8B94-CC0390287E75} = {D51953C9-BA3A-3E9C-8B94-CC0390287E75}
		{3A0C23AF-6305-31F7-B712-15130B36A769} = {3A0C23AF-6305-31F7-B712-15130B36A769}
		{5A8FCEB4-7B88-3D22-A5D8-F1FAE972D68F} = {5A8FCEB4-7B88-3D22-A5D8-F1FAE972D68F}
		{FCA85AAC-73F4-3034-A73F-13A65D110D25} = {FCA85AAC-73F4-3034-A73F-13A65D110D25}
		{062802A7-64A6-3C0F-8D15-4F22701A2C32} = {062802A7-64A6-3C0F-8D15-4F22701A2C32}
		{F7C9EDFC-F7D5-342B-97F1-9F9ECE2AFB53} = {F7C9EDFC-F7D5-342B-97F1-9F9ECE2AFB53}
		{D0888F21-8E0E-3719-8A0D-CD71AF01D51E} = {D0888F21-8E0E-3719-8A0D-CD71AF01D51E}
		{6A3540A5-E82C-321C-AD9D-9253B84A6611} = {6A3540A5-E82C-321C-AD9D-9253B84A6611}
		{776230BA-C2D6-3B8A-8D7D-24A5D6CC5EEE} = {776230BA-C2D6-3B8A-8D7D-24A5D6CC5EEE}
		{C312185F-195D-3ADA-8373-1660F949EA05} = {C312185F-195D-3ADA-8373-1660F949EA05}
	EndProjectSection
EndProject
Project("{8BC9CEB8-8B4A-11D0-8D11-00A0C91BC942}") = "plink-be-list", "plink-be-list.vcxproj", "{D0888F21-8E0E-3719-8A0D-CD71AF01D51E}"
	ProjectSection(ProjectDependencies) = postProject
		{6AEF50EF-CE4F-3A99-A78C-5607A3932E40} = {6AEF50EF-CE4F-3A99-A78C-5607A3932E40}
	EndProjectSection
EndProject
Project("{8BC9CEB8-8B4A-11D0-8D11-00A0C91BC942}") = "pscp", "pscp.vcxproj", "{C5923698-78E6-37AE-A37F-940144F00BB1}"
	ProjectSection(ProjectDependencies) = postProject
		{6AEF50EF-CE4F-3A99-A78C-5607A3932E40} = {6AEF50EF-CE4F-3A99-A78C-5607A3932E40}
		{F54E5537-0AC2-3901-A859-8B382CB12FB9} = {F54E5537-0AC2-3901-A859-8B382CB12FB9}
		{D51953C9-BA3A-3E9C-8B94-CC0390287E75} = {D51953C9-BA3A-3E9C-8B94-CC0390287E75}
		{3A0C23AF-6305-31F7-B712-15130B36A769} = {3A0C23AF-6305-31F7-B712-15130B36A769}
		{5A8FCEB4-7B88-3D22-A5D8-F1FAE972D68F} = {5A8FCEB4-7B88-3D22-A5D8-F1FAE972D68F}
		{FCA85AAC-73F4-3034-A73F-13A65D110D25} = {FCA85AAC-73F4-3034-A73F-13A65D110D25}
		{3C473996-5205-3E33-BE04-9CA8811DB54E} = {3C473996-5205-3E33-BE04-9CA8811DB54E}
		{6A3540A5-E82C-321C-AD9D-9253B84A6611} = {6A3540A5-E82C-321C-AD9D-9253B84A6611}
		{38B09D70-E626-3E2C-90CA-A57E68A2813A} = {38B09D70-E626-3E2C-90CA-A57E68A2813A}
		{776230BA-C2D6-3B8A-8D7D-24A5D6CC5EEE} = {776230BA-C2D6-3B8A-8D7D-24A5D6CC5EEE}
		{C312185F-195D-3ADA-8373-1660F949EA05} = {C312185F-195D-3ADA-8373-1660F949EA05}
	EndProjectSection
EndProject
Project("{8BC9CEB8-8B4A-11D0-8D11-00A0C91BC942}") = "pscp-be-list", "pscp-be-list.vcxproj", "{3C473996-5205-3E33-BE04-9CA8811DB54E}"
	ProjectSection(ProjectDependencies) = postProject
		{6AEF50EF-CE4F-3A99-A78C-5607A3932E40} = {6AEF50EF-CE4F-3A99-A78C-5607A3932E40}
	EndProjectSection
EndProject
Project("{8BC9CEB8-8B4A-11D0-8D11-00A0C91BC942}") = "psftp", "psftp.vcxproj", "{12A3D904-EB02-3AED-9AD2-E739FDFC4738}"
	ProjectSection(ProjectDependencies) = postProject
		{6AEF50EF-CE4F-3A99-A78C-5607A3932E40} = {6AEF50EF-CE4F-3A99-A78C-5607A3932E40}
		{F54E5537-0AC2-3901-A859-8B382CB12FB9} = {F54E5537-0AC2-3901-A859-8B382CB12FB9}
		{D51953C9-BA3A-3E9C-8B94-CC0390287E75} = {D51953C9-BA3A-3E9C-8B94-CC0390287E75}
		{3A0C23AF-6305-31F7-B712-15130B36A769} = {3A0C23AF-6305-31F7-B712-15130B36A769}
		{5A8FCEB4-7B88-3D22-A5D8-F1FAE972D68F} = {5A8FCEB4-7B88-3D22-A5D8-F1FAE972D68F}
		{FCA85AAC-73F4-3034-A73F-13A65D110D25} = {FCA85AAC-73F4-3034-A73F-13A65D110D25}
		{632CFB4B-AAF9-3276-AA2F-553D2F20D80E} = {632CFB4B-AAF9-3276-AA2F-553D2F20D80E}
		{6A3540A5-E82C-321C-AD9D-9253B84A6611} = {6A3540A5-E82C-321C-AD9D-9253B84A6611}
		{38B09D70-E626-3E2C-90CA-A57E68A2813A} = {38B09D70-E626-3E2C-90CA-A57E68A2813A}
		{776230BA-C2D6-3B8A-8D7D-24A5D6CC5EEE} = {776230BA-C2D6-3B8A-8D7D-24A5D6CC5EEE}
		{C312185F-195D-3ADA-8373-1660F949EA05} = {C312185F-195D-3ADA-8373-1660F949EA05}
	EndProjectSection
EndProject
Project("{8BC9CEB8-8B4A-11D0-8D11-00A0C91BC942}") = "psftp-be-list", "psftp-be-list.vcxproj", "{632CFB4B-AAF9-3276-AA2F-553D2F20D80E}"
	ProjectSection(ProjectDependencies) = postProject
		{6AEF50EF-CE4F-3A99-A78C-5607A3932E40} = {6AEF50EF-CE4F-3A99-A78C-5607A3932E40}
	EndProjectSection
EndProject
Project("{8BC9CEB8-8B4A-11D0-8D11-00A0C91BC942}") = "psocks", "psocks.vcxproj", "{5C976E2A-088D-380D-B198-C7E3EF538499}"
	ProjectSection(ProjectDependencies) = postProject
		{6AEF50EF-CE4F-3A99-A78C-5607A3932E40} = {6AEF50EF-CE4F-3A99-A78C-5607A3932E40}
		{F54E5537-0AC2-3901-A859-8B382CB12FB9} = {F54E5537-0AC2-3901-A859-8B382CB12FB9}
		{3A0C23AF-6305-31F7-B712-15130B36A769} = {3A0C23AF-6305-31F7-B712-15130B36A769}
		{FCA85AAC-73F4-3034-A73F-13A65D110D25} = {FCA85AAC-73F4-3034-A73F-13A65D110D25}
		{C312185F-195D-3ADA-8373-1660F949EA05} = {C312185F-195D-3ADA-8373-1660F949EA05}
	EndProjectSection
EndProject
Project("{8BC9CEB8-8B4A-11D0-8D11-00A0C91BC942}") = "pterm", "windows\pterm.vcxproj", "{22920B76-0958-3697-82A2-7713C0594AA1}"
	ProjectSection(ProjectDependencies) = postProject
		{6AEF50EF-CE4F-3A99-A78C-5607A3932E40} = {6AEF50EF-CE4F-3A99-A78C-5607A3932E40}
		{3A0C23AF-6305-31F7-B712-15130B36A769} = {3A0C23AF-6305-31F7-B712-15130B36A769}
		{5A8FCEB4-7B88-3D22-A5D8-F1FAE972D68F} = {5A8FCEB4-7B88-3D22-A5D8-F1FAE972D68F}
		{13CF323F-1BAB-34E6-A88D-8D00A7B6035B} = {13CF323F-1BAB-34E6-A88D-8D00A7B6035B}
		{771CFE98-4422-3702-8A98-7A226F9880A4} = {771CFE98-4422-3702-8A98-7A226F9880A4}
		{FCA85AAC-73F4-3034-A73F-13A65D110D25} = {FCA85AAC-73F4-3034-A73F-13A65D110D25}
		{309DF88D-20DB-31A0-8438-450E81484F22} = {309DF88D-20DB-31A0-8438-450E81484F22}
		{6A3540A5-E82C-321C-AD9D-9253B84A6611} = {6A3540A5-E82C-321C-AD9D-9253B84A6611}
		{C312185F-195D-3ADA-8373-1660F949EA05} = {C312185F-195D-3ADA-8373-1660F949EA05}
	EndProjectSection
EndProject
Project("{8BC9CEB8-8B4A-11D0-8D11-00A0C91BC942}") = "pterm-be-list", "windows\pterm-be-list.vcxproj", "{309DF88D-20DB-31A0-8438-450E81484F22}"
	ProjectSection(ProjectDependencies) = postProject
		{6AEF50EF-CE4F-3A99-A78C-5607A3932E40} = {6AEF50EF-CE4F-3A99-A78C-5607A3932E40}
	EndProjectSection
EndProject
Project("{8BC9CEB8-8B4A-11D0-8D11-00A0C91BC942}") = "putty", "windows\putty.vcxproj", "{1214F55C-5ACA-34B2-B695-C9CD9AB2D79D}"
	ProjectSection(ProjectDependencies) = postProject
		{6AEF50EF-CE4F-3A99-A78C-5607A3932E40} = {6AEF50EF-CE4F-3A99-A78C-5607A3932E40}
		{D51953C9-BA3A-3E9C-8B94-CC0390287E75} = {D51953C9-BA3A-3E9C-8B94-CC0390287E75}
		{3A0C23AF-6305-31F7-B712-15130B36A769} = {3A0C23AF-6305-31F7-B712-15130B36A769}
		{5A8FCEB4-7B88-3D22-A5D8-F1FAE972D68F} = {5A8FCEB4-7B88-3D22-A5D8-F1FAE972D68F}
		{13CF323F-1BAB-34E6-A88D-8D00A7B6035B} = {13CF323F-1BAB-34E6-A88D-8D00A7B6035B}
		{771CFE98-4422-3702-8A98-7A226F9880A4} = {771CFE98-4422-3702-8A98-7A226F9880A4}
		{FCA85AAC-73F4-3034-A73F-13A65D110D25} = {FCA85AAC-73F4-3034-A73F-13A65D110D25}
		{F7C9EDFC-F7D5-342B-97F1-9F9ECE2AFB53} = {F7C9EDFC-F7D5-342B-97F1-9F9ECE2AFB53}
		{3318AB14-5939-3EDA-B63C-A364DB4A3FDE} = {3318AB14-5939-3EDA-B63C-A364DB4A3FDE}
		{6A3540A5-E82C-321C-AD9D-9253B84A6611} = {6A3540A5-E82C-321C-AD9D-9253B84A6611}
		{776230BA-C2D6-3B8A-8D7D-24A5D6CC5EEE} = {776230BA-C2D6-3B8A-8D7D-24A5D6CC5EEE}
		{C312185F-195D-3ADA-8373-1660F949EA05} = {C312185F-195D-3ADA-8373-1660F949EA05}
	EndProjectSection
EndProject
Project("{8BC9CEB8-8B4A-11D0-8D11-00A0C91BC942}") = "putty-be-list", "windows\putty-be-list.vcxproj", "{3318AB14-5939-3EDA-B63C-A364DB4A3FDE}"
	ProjectSection(ProjectDependencies) = postProject
		{6AEF50EF-CE4F-3A99-A78C-5607A3932E40} = {6AEF50EF-CE4F-3A99-A78C-5607A3932E40}
	EndProjectSection
EndProject
Project("{8BC9CEB8-8B4A-11D0-8D11-00A0C91BC942}") = "puttygen", "windows\puttygen.vcxproj", "{673F3EBC-6AF9-3D85-B394-FA24D2BBB48D}"
	ProjectSection(ProjectDependencies) = postProject
		{6AEF50EF-CE4F-3A99-A78C-5607A3932E40} = {6AEF50EF-CE4F-3A99-A78C-5607A3932E40}
		{D51953C9-BA3A-3E9C-8B94-CC0390287E75} = {D51953C9-BA3A-3E9C-8B94-CC0390287E75}
		{5A8FCEB4-7B88-3D22-A5D8-F1FAE972D68F} = {5A8FCEB4-7B88-3D22-A5D8-F1FAE972D68F}
		{13CF323F-1BAB-34E6-A88D-8D00A7B6035B} = {13CF323F-1BAB-34E6-A88D-8D00A7B6035B}
		{0F4EFA8A-CF7A-30FF-9B1D-9DCD977C4D7B} = {0F4EFA8A-CF7A-30FF-9B1D-9DCD977C4D7B}
		{C312185F-195D-3ADA-8373-1660F949EA05} = {C312185F-195D-3ADA-8373-1660F949EA05}
	EndProjectSection
EndProject
Project("{8BC9CEB8-8B4A-11D0-8D11-00A0C91BC942}") = "puttytel", "windows\puttytel.vcxproj", "{8BB2110C-4855-33E7-B918-AAE166A98230}"
	ProjectSection(ProjectDependencies) = postProject
		{6AEF50EF-CE4F-3A99-A78C-5607A3932E40} = {6AEF50EF-CE4F-3A99-A78C-5607A3932E40}
		{3A0C23AF-6305-31F7-B712-15130B36A769} = {3A0C23AF-6305-31F7-B712-15130B36A769}
		{5A8FCEB4-7B88-3D22-A5D8-F1FAE972D68F} = {5A8FCEB4-7B88-3D22-A5D8-F1FAE972D68F}
		{13CF323F-1BAB-34E6-A88D-8D00A7B6035B} = {13CF323F-1BAB-34E6-A88D-8D00A7B6035B}
		{771CFE98-4422-3702-8A98-7A226F9880A4} = {771CFE98-4422-3702-8A98-7A226F9880A4}
		{FCA85AAC-73F4-3034-A73F-13A65D110D25} = {FCA85AAC-73F4-3034-A73F-13A65D110D25}
		{F7C9EDFC-F7D5-342B-97F1-9F9ECE2AFB53} = {F7C9EDFC-F7D5-342B-97F1-9F9ECE2AFB53}
		{699BB154-1624-3A1F-B48C-C4CA7E3C44AD} = {699BB154-1624-3A1F-B48C-C4CA7E3C44AD}
		{6A3540A5-E82C-321C-AD9D-9253B84A6611} = {6A3540A5-E82C-321C-AD9D-9253B84A6611}
		{C312185F-195D-3ADA-8373-1660F949EA05} = {C312185F-195D-3ADA-8373-1660F949EA05}
	EndProjectSection
EndProject
Project("{8BC9CEB8-8B4A-11D0-8D11-00A0C91BC942}") = "puttytel-be-list", "windows\puttytel-be-list.vcxproj", "{699BB154-1624-3A1F-B48C-C4CA7E3C44AD}"
	ProjectSection(ProjectDependencies) = postProject
		{6AEF50EF-CE4F-3A99-A78C-5607A3932E40} = {6AEF50EF-CE4F-3A99-A78C-5607A3932E40}
	EndProjectSection
EndProject
Project("{8BC9CEB8-8B4A-11D0-8D11-00A0C91BC942}") = "settings", "settings.vcxproj", "{6A3540A5-E82C-321C-AD9D-9253B84A6611}"
	ProjectSection(ProjectDependencies) = postProject
		{6AEF50EF-CE4F-3A99-A78C-5607A3932E40} = {6AEF50EF-CE4F-3A99-A78C-5607A3932E40}
	EndProjectSection
EndProject
Project("{8BC9CEB8-8B4A-11D0-8D11-00A0C91BC942}") = "sftpclient", "sftpclient.vcxproj", "{38B09D70-E626-3E2C-90CA-A57E68A2813A}"
	ProjectSection(ProjectDependencies) = postProject
		{6AEF50EF-CE4F-3A99-A78C-5607A3932E40} = {6AEF50EF-CE4F-3A99-A78C-5607A3932E40}
		{677A001A-E0A7-3851-88DF-6860535F1C87} = {677A001A-E0A7-3851-88DF-6860535F1C87}
	EndProjectSection
EndProject
Project("{8BC9CEB8-8B4A-11D0-8D11-00A0C91BC942}") = "sftpcommon", "ssh\sftpcommon.vcxproj", "{677A001A-E0A7-3851-88DF-6860535F1C87}"
	ProjectSection(ProjectDependencies) = postProject
		{6AEF50EF-CE4F-3A99-A78C-5607A3932E40} = {6AEF50EF-CE4F-3A99-A78C-5607A3932E40}
	EndProjectSection
EndProject
Project("{8BC9CEB8-8B4A-11D0-8D11-00A0C91BC942}") = "sshclient", "ssh\sshclient.vcxproj", "{776230BA-C2D6-3B8A-8D7D-24A5D6CC5EEE}"
	ProjectSection(ProjectDependencies) = postProject
		{6AEF50EF-CE4F-3A99-A78C-5607A3932E40} = {6AEF50EF-CE4F-3A99-A78C-5607A3932E40}
		{B071083C-AD30-3AD6-8A1B-6F6B7DCE9FC3} = {B071083C-AD30-3AD6-8A1B-6F6B7DCE9FC3}
		{C08ACDA0-CF2C-3C2D-8FEC-FC4DBA110EFA} = {C08ACDA0-CF2C-3C2D-8FEC-FC4DBA110EFA}
		{15152032-F3D5-3887-ABBA-D51959FD0A8D} = {15152032-F3D5-3887-ABBA-D51959FD0A8D}
	EndProjectSection
EndProject
Project("{8BC9CEB8-8B4A-11D0-8D11-00A0C91BC942}") = "sshcommon", "ssh\sshcommon.vcxproj", "{15152032-F3D5-3887-ABBA-D51959FD0A8D}"
	ProjectSection(ProjectDependencies) = postProject
		{6AEF50EF-CE4F-3A99-A78C-5607A3932E40} = {6AEF50EF-CE4F-3A99-A78C-5607A3932E40}
	EndProjectSection
EndProject
Project("{8BC9CEB8-8B4A-11D0-8D11-00A0C91BC942}") = "sshserver", "ssh\sshserver.vcxproj", "{AAC86504-7CE4-3BA0-B990-0A998646B0A2}"
	ProjectSection(ProjectDependencies) = postProject
		{6AEF50EF-CE4F-3A99-A78C-5607A3932E40} = {6AEF50EF-CE4F-3A99-A78C-5607A3932E40}
		{677A001A-E0A7-3851-88DF-6860535F1C87} = {677A001A-E0A7-3851-88DF-6860535F1C87}
		{15152032-F3D5-3887-ABBA-D51959FD0A8D} = {15152032-F3D5-3887-ABBA-D51959FD0A8D}
	EndProjectSection
EndProject
Project("{8BC9CEB8-8B4A-11D0-8D11-00A0C91BC942}") = "test_cert_expr", "test_cert_expr.vcxproj", "{516C1F63-94DB-348E-AFEB-232340C97C3C}"
	ProjectSection(ProjectDependencies) = postProject
		{6AEF50EF-CE4F-3A99-A78C-5607A3932E40} = {6AEF50EF-CE4F-3A99-A78C-5607A3932E40}
		{C312185F-195D-3ADA-8373-1660F949EA05} = {C312185F-195D-3ADA-8373-1660F949EA05}
	EndProjectSection
EndProject
Project("{8BC9CEB8-8B4A-11D0-8D11-00A0C91BC942}") = "test_conf", "test_conf.vcxproj", "{8D81ABB9-83E5-38B6-A2B2-9EA5EE93C6E1}"
	ProjectSection(ProjectDependencies) = postProject
		{6AEF50EF-CE4F-3A99-A78C-5607A3932E40} = {6AEF50EF-CE4F-3A99-A78C-5607A3932E40}
		{D51953C9-BA3A-3E9C-8B94-CC0390287E75} = {D51953C9-BA3A-3E9C-8B94-CC0390287E75}
		{FCA85AAC-73F4-3034-A73F-13A65D110D25} = {FCA85AAC-73F4-3034-A73F-13A65D110D25}
		{F7C9EDFC-F7D5-342B-97F1-9F9ECE2AFB53} = {F7C9EDFC-F7D5-342B-97F1-9F9ECE2AFB53}
		{6A3540A5-E82C-321C-AD9D-9253B84A6611} = {6A3540A5-E82C-321C-AD9D-9253B84A6611}
		{776230BA-C2D6-3B8A-8D7D-24A5D6CC5EEE} = {776230BA-C2D6-3B8A-8D7D-24A5D6CC5EEE}
		{266B8A8D-C570-3E69-8540-8D44C0CDB81C} = {266B8A8D-C570-3E69-8540-8D44C0CDB81C}
		{C312185F-195D-3ADA-8373-1660F949EA05} = {C312185F-195D-3ADA-8373-1660F949EA05}
	EndProjectSection
EndProject
Project("{8BC9CEB8-8B4A-11D0-8D11-00A0C91BC942}") = "test_conf-be-list", "test_conf-be-list.vcxproj", "{266B8A8D-C570-3E69-8540-8D44C0CDB81C}"
	ProjectSection(ProjectDependencies) = postProject
		{6AEF50EF-CE4F-3A99-A78C-5607A3932E40} = {6AEF50EF-CE4F-3A99-A78C-5607A3932E40}
	EndProjectSection
EndProject
Project("{8BC9CEB8-8B4A-11D0-8D11-00A0C91BC942}") = "test_decode_utf8", "test_decode_utf8.vcxproj", "{0B32C6E7-8CF7-3B1C-A625-908E46EE2905}"
	ProjectSection(ProjectDependencies) = postProject
		{6AEF50EF-CE4F-3A99-A78C-5607A3932E40} = {6AEF50EF-CE4F-3A99-A78C-5607A3932E40}
		{C312185F-195D-3ADA-8373-1660F949EA05} = {C312185F-195D-3ADA-8373-1660F949EA05}
	EndProjectSection
EndProject
Project("{8BC9CEB8-8B4A-11D0-8D11-00A0C91BC942}") = "test_host_strfoo", "test_host_strfoo.vcxproj", "{3A3B7075-8391-316B-9F7D-1DE5BE1AAE48}"
	ProjectSection(ProjectDependencies) = postProject
		{6AEF50EF-CE4F-3A99-A78C-5607A3932E40} = {6AEF50EF-CE4F-3A99-A78C-5607A3932E40}
		{C312185F-195D-3ADA-8373-1660F949EA05} = {C312185F-195D-3ADA-8373-1660F949EA05}
	EndProjectSection
EndProject
Project("{8BC9CEB8-8B4A-11D0-8D11-00A0C91BC942}") = "test_lineedit", "windows\test_lineedit.vcxproj", "{053F7EC7-2224-39E3-90A1-AB2AFE1B6DAD}"
	ProjectSection(ProjectDependencies) = postProject
		{6AEF50EF-CE4F-3A99-A78C-5607A3932E40} = {6AEF50EF-CE4F-3A99-A78C-5607A3932E40}
		{3A0C23AF-6305-31F7-B712-15130B36A769} = {3A0C23AF-6305-31F7-B712-15130B36A769}
		{771CFE98-4422-3702-8A98-7A226F9880A4} = {771CFE98-4422-3702-8A98-7A226F9880A4}
		{6A3540A5-E82C-321C-AD9D-9253B84A6611} = {6A3540A5-E82C-321C-AD9D-9253B84A6611}
		{C312185F-195D-3ADA-8373-1660F949EA05} = {C312185F-195D-3ADA-8373-1660F949EA05}
	EndProjectSection
EndProject
Project("{8BC9CEB8-8B4A-11D0-8D11-00A0C91BC942}") = "test_screenshot", "windows\test_screenshot.vcxproj", "{643B189C-206B-3398-BCFA-92A0776E0EF3}"
	ProjectSection(ProjectDependencies) = postProject
		{6AEF50EF-CE4F-3A99-A78C-5607A3932E40} = {6AEF50EF-CE4F-3A99-A78C-5607A3932E40}
		{C312185F-195D-3ADA-8373-1660F949EA05} = {C312185F-195D-3ADA-8373-1660F949EA05}
	EndProjectSection
EndProject
Project("{8BC9CEB8-8B4A-11D0-8D11-00A0C91BC942}") = "test_split_into_argv", "windows\test_split_into_argv.vcxproj", "{55B982E7-D7B7-3EF0-B12D-07569DE991B1}"
	ProjectSection(ProjectDependencies) = postProject
		{6AEF50EF-CE4F-3A99-A78C-5607A3932E40} = {6AEF50EF-CE4F-3A99-A78C-5607A3932E40}
		{C312185F-195D-3ADA-8373-1660F949EA05} = {C312185F-195D-3ADA-8373-1660F949EA05}
	EndProjectSection
EndProject
Project("{8BC9CEB8-8B4A-11D0-8D11-00A0C91BC942}") = "test_terminal", "windows\test_terminal.vcxproj", "{910368F9-E841-3BF1-A7F3-9E6C058CE6BA}"
	ProjectSection(ProjectDependencies) = postProject
		{6AEF50EF-CE4F-3A99-A78C-5607A3932E40} = {6AEF50EF-CE4F-3A99-A78C-5607A3932E40}
		{3A0C23AF-6305-31F7-B712-15130B36A769} = {3A0C23AF-6305-31F7-B712-15130B36A769}
		{771CFE98-4422-3702-8A98-7A226F9880A4} = {771CFE98-4422-3702-8A98-7A226F9880A4}
		{6A3540A5-E82C-321C-AD9D-9253B84A6611} = {6A3540A5-E82C-321C-AD9D-9253B84A6611}
		{C312185F-195D-3ADA-8373-1660F949EA05} = {C312185F-195D-3ADA-8373-1660F949EA05}
	EndProjectSection
EndProject
Project("{8BC9CEB8-8B4A-11D0-8D11-00A0C91BC942}") = "test_tree234", "test_tree234.vcxproj", "{49D5C6A3-E5BF-37AC-85C5-2FA45F617079}"
	ProjectSection(ProjectDependencies) = postProject
		{6AEF50EF-CE4F-3A99-A78C-5607A3932E40} = {6AEF50EF-CE4F-3A99-A78C-5607A3932E40}
		{C312185F-195D-3ADA-8373-1660F949EA05} = {C312185F-195D-3ADA-8373-1660F949EA05}
	EndProjectSection
EndProject
Project("{8BC9CEB8-8B4A-11D0-8D11-00A0C91BC942}") = "test_unicode_norm", "test_unicode_norm.vcxproj", "{A92E0738-5CFB-3069-91C2-49EF0531D58E}"
	ProjectSection(ProjectDependencies) = postProject
		{6AEF50EF-CE4F-3A99-A78C-5607A3932E40} = {6AEF50EF-CE4F-3A99-A78C-5607A3932E40}
		{C312185F-195D-3ADA-8373-1660F949EA05} = {C312185F-195D-3ADA-8373-1660F949EA05}
	EndProjectSection
EndProject
Project("{8BC9CEB8-8B4A-11D0-8D11-00A0C91BC942}") = "test_wildcard", "test_wildcard.vcxproj", "{5033F0CE-4F42-3F22-922B-15F5B942A615}"
	ProjectSection(ProjectDependencies) = postProject
		{6AEF50EF-CE4F-3A99-A78C-5607A3932E40} = {6AEF50EF-CE4F-3A99-A78C-5607A3932E40}
		{C312185F-195D-3ADA-8373-1660F949EA05} = {C312185F-195D-3ADA-8373-1660F949EA05}
	EndProjectSection
EndProject
Project("{8BC9CEB8-8B4A-11D0-8D11-00A0C91BC942}") = "testcrypt", "testcrypt.vcxproj", "{A6BF23B0-1CDB-312D-9F31-95FE0FC4D315}"
	ProjectSection(ProjectDependencies) = postProject
		{6AEF50EF-CE4F-3A99-A78C-5607A3932E40} = {6AEF50EF-CE4F-3A99-A78C-5607A3932E40}
		{D51953C9-BA3A-3E9C-8B94-CC0390287E75} = {D51953C9-BA3A-3E9C-8B94-CC0390287E75}
		{0F4EFA8A-CF7A-30FF-9B1D-9DCD977C4D7B} = {0F4EFA8A-CF7A-30FF-9B1D-9DCD977C4D7B}
		{C312185F-195D-3ADA-8373-1660F949EA05} = {C312185F-195D-3ADA-8373-1660F949EA05}
	EndProjectSection
EndProject
Project("{8BC9CEB8-8B4A-11D0-8D11-00A0C91BC942}") = "utils", "utils.vcxproj", "{C312185F-195D-3ADA-8373-1660F949EA05}"
	ProjectSection(ProjectDependencies) = postProject
		{6AEF50EF-CE4F-3A99-A78C-5607A3932E40} = {6AEF50EF-CE4F-3A99-A78C-5607A3932E40}
		{2334D392-AB29-37D7-A53A-8B53DC5E4C7A} = {2334D392-AB29-37D7-A53A-8B53DC5E4C7A}
	EndProjectSection
EndProject
Global
	GlobalSection(SolutionConfigurationPlatforms) = preSolution
		Debug|x64 = Debug|x64
		Release|x64 = Release|x64
		MinSizeRel|x64 = MinSizeRel|x64
		RelWithDebInfo|x64 = RelWithDebInfo|x64
	EndGlobalSection
	GlobalSection(ProjectConfigurationPlatforms) = postSolution
		{31CB052F-1E5B-37AE-92C8-0EA245C431E2}.Debug|x64.ActiveCfg = Debug|x64
		{31CB052F-1E5B-37AE-92C8-0EA245C431E2}.Release|x64.ActiveCfg = Release|x64
		{31CB052F-1E5B-37AE-92C8-0EA245C431E2}.MinSizeRel|x64.ActiveCfg = MinSizeRel|x64
		{31CB052F-1E5B-37AE-92C8-0EA245C431E2}.RelWithDebInfo|x64.ActiveCfg = RelWithDebInfo|x64
		{6AEF50EF-CE4F-3A99-A78C-5607A3932E40}.Debug|x64.ActiveCfg = Debug|x64
		{6AEF50EF-CE4F-3A99-A78C-5607A3932E40}.Debug|x64.Build.0 = Debug|x64
		{6AEF50EF-CE4F-3A99-A78C-5607A3932E40}.Release|x64.ActiveCfg = Release|x64
		{6AEF50EF-CE4F-3A99-A78C-5607A3932E40}.Release|x64.Build.0 = Release|x64
		{6AEF50EF-CE4F-3A99-A78C-5607A3932E40}.MinSizeRel|x64.ActiveCfg = MinSizeRel|x64
		{6AEF50EF-CE4F-3A99-A78C-5607A3932E40}.MinSizeRel|x64.Build.0 = MinSizeRel|x64
		{6AEF50EF-CE4F-3A99-A78C-5607A3932E40}.RelWithDebInfo|x64.ActiveCfg = RelWithDebInfo|x64
		{6AEF50EF-CE4F-3A99-A78C-5607A3932E40}.RelWithDebInfo|x64.Build.0 = RelWithDebInfo|x64
		{61F014C9-E70B-3B7A-A3B1-A719B1D0755D}.Debug|x64.ActiveCfg = Debug|x64
		{61F014C9-E70B-3B7A-A3B1-A719B1D0755D}.Debug|x64.Build.0 = Debug|x64
		{61F014C9-E70B-3B7A-A3B1-A719B1D0755D}.Release|x64.ActiveCfg = Release|x64
		{61F014C9-E70B-3B7A-A3B1-A719B1D0755D}.Release|x64.Build.0 = Release|x64
		{61F014C9-E70B-3B7A-A3B1-A719B1D0755D}.MinSizeRel|x64.ActiveCfg = MinSizeRel|x64
		{61F014C9-E70B-3B7A-A3B1-A719B1D0755D}.MinSizeRel|x64.Build.0 = MinSizeRel|x64
		{61F014C9-E70B-3B7A-A3B1-A719B1D0755D}.RelWithDebInfo|x64.ActiveCfg = RelWithDebInfo|x64
		{61F014C9-E70B-3B7A-A3B1-A719B1D0755D}.RelWithDebInfo|x64.Build.0 = RelWithDebInfo|x64
		{B071083C-AD30-3AD6-8A1B-6F6B7DCE9FC3}.Debug|x64.ActiveCfg = Debug|x64
		{B071083C-AD30-3AD6-8A1B-6F6B7DCE9FC3}.Debug|x64.Build.0 = Debug|x64
		{B071083C-AD30-3AD6-8A1B-6F6B7DCE9FC3}.Release|x64.ActiveCfg = Release|x64
		{B071083C-AD30-3AD6-8A1B-6F6B7DCE9FC3}.Release|x64.Build.0 = Release|x64
		{B071083C-AD30-3AD6-8A1B-6F6B7DCE9FC3}.MinSizeRel|x64.ActiveCfg = MinSizeRel|x64
		{B071083C-AD30-3AD6-8A1B-6F6B7DCE9FC3}.MinSizeRel|x64.Build.0 = MinSizeRel|x64
		{B071083C-AD30-3AD6-8A1B-6F6B7DCE9FC3}.RelWithDebInfo|x64.ActiveCfg = RelWithDebInfo|x64
		{B071083C-AD30-3AD6-8A1B-6F6B7DCE9FC3}.RelWithDebInfo|x64.Build.0 = RelWithDebInfo|x64
		{0CCAAB72-88AB-384C-927F-ACBB4B406447}.Debug|x64.ActiveCfg = Debug|x64
		{0CCAAB72-88AB-384C-927F-ACBB4B406447}.Debug|x64.Build.0 = Debug|x64
		{0CCAAB72-88AB-384C-927F-ACBB4B406447}.Release|x64.ActiveCfg = Release|x64
		{0CCAAB72-88AB-384C-927F-ACBB4B406447}.Release|x64.Build.0 = Release|x64
		{0CCAAB72-88AB-384C-927F-ACBB4B406447}.MinSizeRel|x64.ActiveCfg = MinSizeRel|x64
		{0CCAAB72-88AB-384C-927F-ACBB4B406447}.MinSizeRel|x64.Build.0 = MinSizeRel|x64
		{0CCAAB72-88AB-384C-927F-ACBB4B406447}.RelWithDebInfo|x64.ActiveCfg = RelWithDebInfo|x64
		{0CCAAB72-88AB-384C-927F-ACBB4B406447}.RelWithDebInfo|x64.Build.0 = RelWithDebInfo|x64
		{7E88B660-D499-3C15-8B36-DEA512618091}.Debug|x64.ActiveCfg = Debug|x64
		{7E88B660-D499-3C15-8B36-DEA512618091}.Debug|x64.Build.0 = Debug|x64
		{7E88B660-D499-3C15-8B36-DEA512618091}.Release|x64.ActiveCfg = Release|x64
		{7E88B660-D499-3C15-8B36-DEA512618091}.Release|x64.Build.0 = Release|x64
		{7E88B660-D499-3C15-8B36-DEA512618091}.MinSizeRel|x64.ActiveCfg = MinSizeRel|x64
		{7E88B660-D499-3C15-8B36-DEA512618091}.MinSizeRel|x64.Build.0 = MinSizeRel|x64
		{7E88B660-D499-3C15-8B36-DEA512618091}.RelWithDebInfo|x64.ActiveCfg = RelWithDebInfo|x64
		{7E88B660-D499-3C15-8B36-DEA512618091}.RelWithDebInfo|x64.Build.0 = RelWithDebInfo|x64
		{BEF23F32-3A71-3B50-92A0-374F513C810A}.Debug|x64.ActiveCfg = Debug|x64
		{BEF23F32-3A71-3B50-92A0-374F513C810A}.Debug|x64.Build.0 = Debug|x64
		{BEF23F32-3A71-3B50-92A0-374F513C810A}.Release|x64.ActiveCfg = Release|x64
		{BEF23F32-3A71-3B50-92A0-374F513C810A}.Release|x64.Build.0 = Release|x64
		{BEF23F32-3A71-3B50-92A0-374F513C810A}.MinSizeRel|x64.ActiveCfg = MinSizeRel|x64
		{BEF23F32-3A71-3B50-92A0-374F513C810A}.MinSizeRel|x64.Build.0 = MinSizeRel|x64
		{BEF23F32-3A71-3B50-92A0-374F513C810A}.RelWithDebInfo|x64.ActiveCfg = RelWithDebInfo|x64
		{BEF23F32-3A71-3B50-92A0-374F513C810A}.RelWithDebInfo|x64.Build.0 = RelWithDebInfo|x64
		{2334D392-AB29-37D7-A53A-8B53DC5E4C7A}.Debug|x64.ActiveCfg = Debug|x64
		{2334D392-AB29-37D7-A53A-8B53DC5E4C7A}.Debug|x64.Build.0 = Debug|x64
		{2334D392-AB29-37D7-A53A-8B53DC5E4C7A}.Release|x64.ActiveCfg = Release|x64
		{2334D392-AB29-37D7-A53A-8B53DC5E4C7A}.Release|x64.Build.0 = Release|x64
		{2334D392-AB29-37D7-A53A-8B53DC5E4C7A}.MinSizeRel|x64.ActiveCfg = MinSizeRel|x64
		{2334D392-AB29-37D7-A53A-8B53DC5E4C7A}.MinSizeRel|x64.Build.0 = MinSizeRel|x64
		{2334D392-AB29-37D7-A53A-8B53DC5E4C7A}.RelWithDebInfo|x64.ActiveCfg = RelWithDebInfo|x64
		{2334D392-AB29-37D7-A53A-8B53DC5E4C7A}.RelWithDebInfo|x64.Build.0 = RelWithDebInfo|x64
		{F54E5537-0AC2-3901-A859-8B382CB12FB9}.Debug|x64.ActiveCfg = Debug|x64
		{F54E5537-0AC2-3901-A859-8B382CB12FB9}.Debug|x64.Build.0 = Debug|x64
		{F54E5537-0AC2-3901-A859-8B382CB12FB9}.Release|x64.ActiveCfg = Release|x64
		{F54E5537-0AC2-3901-A859-8B382CB12FB9}.Release|x64.Build.0 = Release|x64
		{F54E5537-0AC2-3901-A859-8B382CB12FB9}.MinSizeRel|x64.ActiveCfg = MinSizeRel|x64
		{F54E5537-0AC2-3901-A859-8B382CB12FB9}.MinSizeRel|x64.Build.0 = MinSizeRel|x64
		{F54E5537-0AC2-3901-A859-8B382CB12FB9}.RelWithDebInfo|x64.ActiveCfg = RelWithDebInfo|x64
		{F54E5537-0AC2-3901-A859-8B382CB12FB9}.RelWithDebInfo|x64.Build.0 = RelWithDebInfo|x64
		{D51953C9-BA3A-3E9C-8B94-CC0390287E75}.Debug|x64.ActiveCfg = Debug|x64
		{D51953C9-BA3A-3E9C-8B94-CC0390287E75}.Debug|x64.Build.0 = Debug|x64
		{D51953C9-BA3A-3E9C-8B94-CC0390287E75}.Release|x64.ActiveCfg = Release|x64
		{D51953C9-BA3A-3E9C-8B94-CC0390287E75}.Release|x64.Build.0 = Release|x64
		{D51953C9-BA3A-3E9C-8B94-CC0390287E75}.MinSizeRel|x64.ActiveCfg = MinSizeRel|x64
		{D51953C9-BA3A-3E9C-8B94-CC0390287E75}.MinSizeRel|x64.Build.0 = MinSizeRel|x64
		{D51953C9-BA3A-3E9C-8B94-CC0390287E75}.RelWithDebInfo|x64.ActiveCfg = RelWithDebInfo|x64
		{D51953C9-BA3A-3E9C-8B94-CC0390287E75}.RelWithDebInfo|x64.Build.0 = RelWithDebInfo|x64
		{F18BAD2D-1255-32B9-9B44-2FB6B778D306}.Debug|x64.ActiveCfg = Debug|x64
		{F18BAD2D-1255-32B9-9B44-2FB6B778D306}.Release|x64.ActiveCfg = Release|x64
		{F18BAD2D-1255-32B9-9B44-2FB6B778D306}.MinSizeRel|x64.ActiveCfg = MinSizeRel|x64
		{F18BAD2D-1255-32B9-9B44-2FB6B778D306}.RelWithDebInfo|x64.ActiveCfg = RelWithDebInfo|x64
		{3A0C23AF-6305-31F7-B712-15130B36A769}.Debug|x64.ActiveCfg = Debug|x64
		{3A0C23AF-6305-31F7-B712-15130B36A769}.Debug|x64.Build.0 = Debug|x64
		{3A0C23AF-6305-31F7-B712-15130B36A769}.Release|x64.ActiveCfg = Release|x64
		{3A0C23AF-6305-31F7-B712-15130B36A769}.Release|x64.Build.0 = Release|x64
		{3A0C23AF-6305-31F7-B712-15130B36A769}.MinSizeRel|x64.ActiveCfg = MinSizeRel|x64
		{3A0C23AF-6305-31F7-B712-15130B36A769}.MinSizeRel|x64.Build.0 = MinSizeRel|x64
		{3A0C23AF-6305-31F7-B712-15130B36A769}.RelWithDebInfo|x64.ActiveCfg = RelWithDebInfo|x64
		{3A0C23AF-6305-31F7-B712-15130B36A769}.RelWithDebInfo|x64.Build.0 = RelWithDebInfo|x64
		{5A8FCEB4-7B88-3D22-A5D8-F1FAE972D68F}.Debug|x64.ActiveCfg = Debug|x64
		{5A8FCEB4-7B88-3D22-A5D8-F1FAE972D68F}.Debug|x64.Build.0 = Debug|x64
		{5A8FCEB4-7B88-3D22-A5D8-F1FAE972D68F}.Release|x64.ActiveCfg = Release|x64
		{5A8FCEB4-7B88-3D22-A5D8-F1FAE972D68F}.Release|x64.Build.0 = Release|x64
		{5A8FCEB4-7B88-3D22-A5D8-F1FAE972D68F}.MinSizeRel|x64.ActiveCfg = MinSizeRel|x64
		{5A8FCEB4-7B88-3D22-A5D8-F1FAE972D68F}.MinSizeRel|x64.Build.0 = MinSizeRel|x64
		{5A8FCEB4-7B88-3D22-A5D8-F1FAE972D68F}.RelWithDebInfo|x64.ActiveCfg = RelWithDebInfo|x64
		{5A8FCEB4-7B88-3D22-A5D8-F1FAE972D68F}.RelWithDebInfo|x64.Build.0 = RelWithDebInfo|x64
		{13CF323F-1BAB-34E6-A88D-8D00A7B6035B}.Debug|x64.ActiveCfg = Debug|x64
		{13CF323F-1BAB-34E6-A88D-8D00A7B6035B}.Debug|x64.Build.0 = Debug|x64
		{13CF323F-1BAB-34E6-A88D-8D00A7B6035B}.Release|x64.ActiveCfg = Release|x64
		{13CF323F-1BAB-34E6-A88D-8D00A7B6035B}.Release|x64.Build.0 = Release|x64
		{13CF323F-1BAB-34E6-A88D-8D00A7B6035B}.MinSizeRel|x64.ActiveCfg = MinSizeRel|x64
		{13CF323F-1BAB-34E6-A88D-8D00A7B6035B}.MinSizeRel|x64.Build.0 = MinSizeRel|x64
		{13CF323F-1BAB-34E6-A88D-8D00A7B6035B}.RelWithDebInfo|x64.ActiveCfg = RelWithDebInfo|x64
		{13CF323F-1BAB-34E6-A88D-8D00A7B6035B}.RelWithDebInfo|x64.Build.0 = RelWithDebInfo|x64
		{771CFE98-4422-3702-8A98-7A226F9880A4}.Debug|x64.ActiveCfg = Debug|x64
		{771CFE98-4422-3702-8A98-7A226F9880A4}.Debug|x64.Build.0 = Debug|x64
		{771CFE98-4422-3702-8A98-7A226F9880A4}.Release|x64.ActiveCfg = Release|x64
		{771CFE98-4422-3702-8A98-7A226F9880A4}.Release|x64.Build.0 = Release|x64
		{771CFE98-4422-3702-8A98-7A226F9880A4}.MinSizeRel|x64.ActiveCfg = MinSizeRel|x64
		{771CFE98-4422-3702-8A98-7A226F9880A4}.MinSizeRel|x64.Build.0 = MinSizeRel|x64
		{771CFE98-4422-3702-8A98-7A226F9880A4}.RelWithDebInfo|x64.ActiveCfg = RelWithDebInfo|x64
		{771CFE98-4422-3702-8A98-7A226F9880A4}.RelWithDebInfo|x64.Build.0 = RelWithDebInfo|x64
		{A3DC472A-DA09-37AB-A515-070264589B50}.Debug|x64.ActiveCfg = Debug|x64
		{A3DC472A-DA09-37AB-A515-070264589B50}.Debug|x64.Build.0 = Debug|x64
		{A3DC472A-DA09-37AB-A515-070264589B50}.Release|x64.ActiveCfg = Release|x64
		{A3DC472A-DA09-37AB-A515-070264589B50}.Release|x64.Build.0 = Release|x64
		{A3DC472A-DA09-37AB-A515-070264589B50}.MinSizeRel|x64.ActiveCfg = MinSizeRel|x64
		{A3DC472A-DA09-37AB-A515-070264589B50}.MinSizeRel|x64.Build.0 = MinSizeRel|x64
		{A3DC472A-DA09-37AB-A515-070264589B50}.RelWithDebInfo|x64.ActiveCfg = RelWithDebInfo|x64
		{A3DC472A-DA09-37AB-A515-070264589B50}.RelWithDebInfo|x64.Build.0 = RelWithDebInfo|x64
		{0F4EFA8A-CF7A-30FF-9B1D-9DCD977C4D7B}.Debug|x64.ActiveCfg = Debug|x64
		{0F4EFA8A-CF7A-30FF-9B1D-9DCD977C4D7B}.Debug|x64.Build.0 = Debug|x64
		{0F4EFA8A-CF7A-30FF-9B1D-9DCD977C4D7B}.Release|x64.ActiveCfg = Release|x64
		{0F4EFA8A-CF7A-30FF-9B1D-9DCD977C4D7B}.Release|x64.Build.0 = Release|x64
		{0F4EFA8A-CF7A-30FF-9B1D-9DCD977C4D7B}.MinSizeRel|x64.ActiveCfg = MinSizeRel|x64
		{0F4EFA8A-CF7A-30FF-9B1D-9DCD977C4D7B}.MinSizeRel|x64.Build.0 = MinSizeRel|x64
		{0F4EFA8A-CF7A-30FF-9B1D-9DCD977C4D7B}.RelWithDebInfo|x64.ActiveCfg = RelWithDebInfo|x64
		{0F4EFA8A-CF7A-30FF-9B1D-9DCD977C4D7B}.RelWithDebInfo|x64.Build.0 = RelWithDebInfo|x64
		{C08ACDA0-CF2C-3C2D-8FEC-FC4DBA110EFA}.Debug|x64.ActiveCfg = Debug|x64
		{C08ACDA0-CF2C-3C2D-8FEC-FC4DBA110EFA}.Debug|x64.Build.0 = Debug|x64
		{C08ACDA0-CF2C-3C2D-8FEC-FC4DBA110EFA}.Release|x64.ActiveCfg = Release|x64
		{C08ACDA0-CF2C-3C2D-8FEC-FC4DBA110EFA}.Release|x64.Build.0 = Release|x64
		{C08ACDA0-CF2C-3C2D-8FEC-FC4DBA110EFA}.MinSizeRel|x64.ActiveCfg = MinSizeRel|x64
		{C08ACDA0-CF2C-3C2D-8FEC-FC4DBA110EFA}.MinSizeRel|x64.Build.0 = MinSizeRel|x64
		{C08ACDA0-CF2C-3C2D-8FEC-FC4DBA110EFA}.RelWithDebInfo|x64.ActiveCfg = RelWithDebInfo|x64
		{C08ACDA0-CF2C-3C2D-8FEC-FC4DBA110EFA}.RelWithDebInfo|x64.Build.0 = RelWithDebInfo|x64
		{9C0D5D26-F9EA-3AC2-8389-72CA22C37B46}.Debug|x64.ActiveCfg = Debug|x64
		{9C0D5D26-F9EA-3AC2-8389-72CA22C37B46}.Debug|x64.Build.0 = Debug|x64
		{9C0D5D26-F9EA-3AC2-8389-72CA22C37B46}.Release|x64.ActiveCfg = Release|x64
		{9C0D5D26-F9EA-3AC2-8389-72CA22C37B46}.Release|x64.Build.0 = Release|x64
		{9C0D5D26-F9EA-3AC2-8389-72CA22C37B46}.MinSizeRel|x64.ActiveCfg = MinSizeRel|x64
		{9C0D5D26-F9EA-3AC2-8389-72CA22C37B46}.MinSizeRel|x64.Build.0 = MinSizeRel|x64
		{9C0D5D26-F9EA-3AC2-8389-72CA22C37B46}.RelWithDebInfo|x64.ActiveCfg = RelWithDebInfo|x64
		{9C0D5D26-F9EA-3AC2-8389-72CA22C37B46}.RelWithDebInfo|x64.Build.0 = RelWithDebInfo|x64
		{FCA85AAC-73F4-3034-A73F-13A65D110D25}.Debug|x64.ActiveCfg = Debug|x64
		{FCA85AAC-73F4-3034-A73F-13A65D110D25}.Debug|x64.Build.0 = Debug|x64
		{FCA85AAC-73F4-3034-A73F-13A65D110D25}.Release|x64.ActiveCfg = Release|x64
		{FCA85AAC-73F4-3034-A73F-13A65D110D25}.Release|x64.Build.0 = Release|x64
		{FCA85AAC-73F4-3034-A73F-13A65D110D25}.MinSizeRel|x64.ActiveCfg = MinSizeRel|x64
		{FCA85AAC-73F4-3034-A73F-13A65D110D25}.MinSizeRel|x64.Build.0 = MinSizeRel|x64
		{FCA85AAC-73F4-3034-A73F-13A65D110D25}.RelWithDebInfo|x64.ActiveCfg = RelWithDebInfo|x64
		{FCA85AAC-73F4-3034-A73F-13A65D110D25}.RelWithDebInfo|x64.Build.0 = RelWithDebInfo|x64
		{062802A7-64A6-3C0F-8D15-4F22701A2C32}.Debug|x64.ActiveCfg = Debug|x64
		{062802A7-64A6-3C0F-8D15-4F22701A2C32}.Debug|x64.Build.0 = Debug|x64
		{062802A7-64A6-3C0F-8D15-4F22701A2C32}.Release|x64.ActiveCfg = Release|x64
		{062802A7-64A6-3C0F-8D15-4F22701A2C32}.Release|x64.Build.0 = Release|x64
		{062802A7-64A6-3C0F-8D15-4F22701A2C32}.MinSizeRel|x64.ActiveCfg = MinSizeRel|x64
		{062802A7-64A6-3C0F-8D15-4F22701A2C32}.MinSizeRel|x64.Build.0 = MinSizeRel|x64
		{062802A7-64A6-3C0F-8D15-4F22701A2C32}.RelWithDebInfo|x64.ActiveCfg = RelWithDebInfo|x64
		{062802A7-64A6-3C0F-8D15-4F22701A2C32}.RelWithDebInfo|x64.Build.0 = RelWithDebInfo|x64
		{DF4A347A-0073-3D1A-AD17-E35504B693A7}.Debug|x64.ActiveCfg = Debug|x64
		{DF4A347A-0073-3D1A-AD17-E35504B693A7}.Debug|x64.Build.0 = Debug|x64
		{DF4A347A-0073-3D1A-AD17-E35504B693A7}.Release|x64.ActiveCfg = Release|x64
		{DF4A347A-0073-3D1A-AD17-E35504B693A7}.Release|x64.Build.0 = Release|x64
		{DF4A347A-0073-3D1A-AD17-E35504B693A7}.MinSizeRel|x64.ActiveCfg = MinSizeRel|x64
		{DF4A347A-0073-3D1A-AD17-E35504B693A7}.MinSizeRel|x64.Build.0 = MinSizeRel|x64
		{DF4A347A-0073-3D1A-AD17-E35504B693A7}.RelWithDebInfo|x64.ActiveCfg = RelWithDebInfo|x64
		{DF4A347A-0073-3D1A-AD17-E35504B693A7}.RelWithDebInfo|x64.Build.0 = RelWithDebInfo|x64
		{FBA68786-D165-30B7-808B-B5A2A56FE012}.Debug|x64.ActiveCfg = Debug|x64
		{FBA68786-D165-30B7-808B-B5A2A56FE012}.Debug|x64.Build.0 = Debug|x64
		{FBA68786-D165-30B7-808B-B5A2A56FE012}.Release|x64.ActiveCfg = Release|x64
		{FBA68786-D165-30B7-808B-B5A2A56FE012}.Release|x64.Build.0 = Release|x64
		{FBA68786-D165-30B7-808B-B5A2A56FE012}.MinSizeRel|x64.ActiveCfg = MinSizeRel|x64
		{FBA68786-D165-30B7-808B-B5A2A56FE012}.MinSizeRel|x64.Build.0 = MinSizeRel|x64
		{FBA68786-D165-30B7-808B-B5A2A56FE012}.RelWithDebInfo|x64.ActiveCfg = RelWithDebInfo|x64
		{FBA68786-D165-30B7-808B-B5A2A56FE012}.RelWithDebInfo|x64.Build.0 = RelWithDebInfo|x64
		{5C422C73-ECC3-3DD5-B607-AC0C6EBCDA30}.Debug|x64.ActiveCfg = Debug|x64
		{5C422C73-ECC3-3DD5-B607-AC0C6EBCDA30}.Debug|x64.Build.0 = Debug|x64
		{5C422C73-ECC3-3DD5-B607-AC0C6EBCDA30}.Release|x64.ActiveCfg = Release|x64
		{5C422C73-ECC3-3DD5-B607-AC0C6EBCDA30}.Release|x64.Build.0 = Release|x64
		{5C422C73-ECC3-3DD5-B607-AC0C6EBCDA30}.MinSizeRel|x64.ActiveCfg = MinSizeRel|x64
		{5C422C73-ECC3-3DD5-B607-AC0C6EBCDA30}.MinSizeRel|x64.Build.0 = MinSizeRel|x64
		{5C422C73-ECC3-3DD5-B607-AC0C6EBCDA30}.RelWithDebInfo|x64.ActiveCfg = RelWithDebInfo|x64
		{5C422C73-ECC3-3DD5-B607-AC0C6EBCDA30}.RelWithDebInfo|x64.Build.0 = RelWithDebInfo|x64
		{F7C9EDFC-F7D5-342B-97F1-9F9ECE2AFB53}.Debug|x64.ActiveCfg = Debug|x64
		{F7C9EDFC-F7D5-342B-97F1-9F9ECE2AFB53}.Debug|x64.Build.0 = Debug|x64
		{F7C9EDFC-F7D5-342B-97F1-9F9ECE2AFB53}.Release|x64.ActiveCfg = Release|x64
		{F7C9EDFC-F7D5-342B-97F1-9F9ECE2AFB53}.Release|x64.Build.0 = Release|x64
		{F7C9EDFC-F7D5-342B-97F1-9F9ECE2AFB53}.MinSizeRel|x64.ActiveCfg = MinSizeRel|x64
		{F7C9EDFC-F7D5-342B-97F1-9F9ECE2AFB53}.MinSizeRel|x64.Build.0 = MinSizeRel|x64
		{F7C9EDFC-F7D5-342B-97F1-9F9ECE2AFB53}.RelWithDebInfo|x64.ActiveCfg = RelWithDebInfo|x64
		{F7C9EDFC-F7D5-342B-97F1-9F9ECE2AFB53}.RelWithDebInfo|x64.Build.0 = RelWithDebInfo|x64
		{B23285B2-B05D-36AC-85BB-2472110F8B3B}.Debug|x64.ActiveCfg = Debug|x64
		{B23285B2-B05D-36AC-85BB-2472110F8B3B}.Debug|x64.Build.0 = Debug|x64
		{B23285B2-B05D-36AC-85BB-2472110F8B3B}.Release|x64.ActiveCfg = Release|x64
		{B23285B2-B05D-36AC-85BB-2472110F8B3B}.Release|x64.Build.0 = Release|x64
		{B23285B2-B05D-36AC-85BB-2472110F8B3B}.MinSizeRel|x64.ActiveCfg = MinSizeRel|x64
		{B23285B2-B05D-36AC-85BB-2472110F8B3B}.MinSizeRel|x64.Build.0 = MinSizeRel|x64
		{B23285B2-B05D-36AC-85BB-2472110F8B3B}.RelWithDebInfo|x64.ActiveCfg = RelWithDebInfo|x64
		{B23285B2-B05D-36AC-85BB-2472110F8B3B}.RelWithDebInfo|x64.Build.0 = RelWithDebInfo|x64
		{890B4F38-4C73-3163-A375-7E598013D827}.Debug|x64.ActiveCfg = Debug|x64
		{890B4F38-4C73-3163-A375-7E598013D827}.Debug|x64.Build.0 = Debug|x64
		{890B4F38-4C73-3163-A375-7E598013D827}.Release|x64.ActiveCfg = Release|x64
		{890B4F38-4C73-3163-A375-7E598013D827}.Release|x64.Build.0 = Release|x64
		{890B4F38-4C73-3163-A375-7E598013D827}.MinSizeRel|x64.ActiveCfg = MinSizeRel|x64
		{890B4F38-4C73-3163-A375-7E598013D827}.MinSizeRel|x64.Build.0 = MinSizeRel|x64
		{890B4F38-4C73-3163-A375-7E598013D827}.RelWithDebInfo|x64.ActiveCfg = RelWithDebInfo|x64
		{890B4F38-4C73-3163-A375-7E598013D827}.RelWithDebInfo|x64.Build.0 = RelWithDebInfo|x64
		{D0888F21-8E0E-3719-8A0D-CD71AF01D51E}.Debug|x64.ActiveCfg = Debug|x64
		{D0888F21-8E0E-3719-8A0D-CD71AF01D51E}.Debug|x64.Build.0 = Debug|x64
		{D0888F21-8E0E-3719-8A0D-CD71AF01D51E}.Release|x64.ActiveCfg = Release|x64
		{D0888F21-8E0E-3719-8A0D-CD71AF01D51E}.Release|x64.Build.0 = Release|x64
		{D0888F21-8E0E-3719-8A0D-CD71AF01D51E}.MinSizeRel|x64.ActiveCfg = MinSizeRel|x64
		{D0888F21-8E0E-3719-8A0D-CD71AF01D51E}.MinSizeRel|x64.Build.0 = MinSizeRel|x64
		{D0888F21-8E0E-3719-8A0D-CD71AF01D51E}.RelWithDebInfo|x64.ActiveCfg = RelWithDebInfo|x64
		{D0888F21-8E0E-3719-8A0D-CD71AF01D51E}.RelWithDebInfo|x64.Build.0 = RelWithDebInfo|x64
		{C5923698-78E6-37AE-A37F-940144F00BB1}.Debug|x64.ActiveCfg = Debug|x64
		{C5923698-78E6-37AE-A37F-940144F00BB1}.Debug|x64.Build.0 = Debug|x64
		{C5923698-78E6-37AE-A37F-940144F00BB1}.Release|x64.ActiveCfg = Release|x64
		{C5923698-78E6-37AE-A37F-940144F00BB1}.Release|x64.Build.0 = Release|x64
		{C5923698-78E6-37AE-A37F-940144F00BB1}.MinSizeRel|x64.ActiveCfg = MinSizeRel|x64
		{C5923698-78E6-37AE-A37F-940144F00BB1}.MinSizeRel|x64.Build.0 = MinSizeRel|x64
		{C5923698-78E6-37AE-A37F-940144F00BB1}.RelWithDebInfo|x64.ActiveCfg = RelWithDebInfo|x64
		{C5923698-78E6-37AE-A37F-940144F00BB1}.RelWithDebInfo|x64.Build.0 = RelWithDebInfo|x64
		{3C473996-5205-3E33-BE04-9CA8811DB54E}.Debug|x64.ActiveCfg = Debug|x64
		{3C473996-5205-3E33-BE04-9CA8811DB54E}.Debug|x64.Build.0 = Debug|x64
		{3C473996-5205-3E33-BE04-9CA8811DB54E}.Release|x64.ActiveCfg = Release|x64
		{3C473996-5205-3E33-BE04-9CA8811DB54E}.Release|x64.Build.0 = Release|x64
		{3C473996-5205-3E33-BE04-9CA8811DB54E}.MinSizeRel|x64.ActiveCfg = MinSizeRel|x64
		{3C473996-5205-3E33-BE04-9CA8811DB54E}.MinSizeRel|x64.Build.0 = MinSizeRel|x64
		{3C473996-5205-3E33-BE04-9CA8811DB54E}.RelWithDebInfo|x64.ActiveCfg = RelWithDebInfo|x64
		{3C473996-5205-3E33-BE04-9CA8811DB54E}.RelWithDebInfo|x64.Build.0 = RelWithDebInfo|x64
		{12A3D904-EB02-3AED-9AD2-E739FDFC4738}.Debug|x64.ActiveCfg = Debug|x64
		{12A3D904-EB02-3AED-9AD2-E739FDFC4738}.Debug|x64.Build.0 = Debug|x64
		{12A3D904-EB02-3AED-9AD2-E739FDFC4738}.Release|x64.ActiveCfg = Release|x64
		{12A3D904-EB02-3AED-9AD2-E739FDFC4738}.Release|x64.Build.0 = Release|x64
		{12A3D904-EB02-3AED-9AD2-E739FDFC4738}.MinSizeRel|x64.ActiveCfg = MinSizeRel|x64
		{12A3D904-EB02-3AED-9AD2-E739FDFC4738}.MinSizeRel|x64.Build.0 = MinSizeRel|x64
		{12A3D904-EB02-3AED-9AD2-E739FDFC4738}.RelWithDebInfo|x64.ActiveCfg = RelWithDebInfo|x64
		{12A3D904-EB02-3AED-9AD2-E739FDFC4738}.RelWithDebInfo|x64.Build.0 = RelWithDebInfo|x64
		{632CFB4B-AAF9-3276-AA2F-553D2F20D80E}.Debug|x64.ActiveCfg = Debug|x64
		{632CFB4B-AAF9-3276-AA2F-553D2F20D80E}.Debug|x64.Build.0 = Debug|x64
		{632CFB4B-AAF9-3276-AA2F-553D2F20D80E}.Release|x64.ActiveCfg = Release|x64
		{632CFB4B-AAF9-3276-AA2F-553D2F20D80E}.Release|x64.Build.0 = Release|x64
		{632CFB4B-AAF9-3276-AA2F-553D2F20D80E}.MinSizeRel|x64.ActiveCfg = MinSizeRel|x64
		{632CFB4B-AAF9-3276-AA2F-553D2F20D80E}.MinSizeRel|x64.Build.0 = MinSizeRel|x64
		{632CFB4B-AAF9-3276-AA2F-553D2F20D80E}.RelWithDebInfo|x64.ActiveCfg = RelWithDebInfo|x64
		{632CFB4B-AAF9-3276-AA2F-553D2F20D80E}.RelWithDebInfo|x64.Build.0 = RelWithDebInfo|x64
		{5C976E2A-088D-380D-B198-C7E3EF538499}.Debug|x64.ActiveCfg = Debug|x64
		{5C976E2A-088D-380D-B198-C7E3EF538499}.Debug|x64.Build.0 = Debug|x64
		{5C976E2A-088D-380D-B198-C7E3EF538499}.Release|x64.ActiveCfg = Release|x64
		{5C976E2A-088D-380D-B198-C7E3EF538499}.Release|x64.Build.0 = Release|x64
		{5C976E2A-088D-380D-B198-C7E3EF538499}.MinSizeRel|x64.ActiveCfg = MinSizeRel|x64
		{5C976E2A-088D-380D-B198-C7E3EF538499}.MinSizeRel|x64.Build.0 = MinSizeRel|x64
		{5C976E2A-088D-380D-B198-C7E3EF538499}.RelWithDebInfo|x64.ActiveCfg = RelWithDebInfo|x64
		{5C976E2A-088D-380D-B198-C7E3EF538499}.RelWithDebInfo|x64.Build.0 = RelWithDebInfo|x64
		{22920B76-0958-3697-82A2-7713C0594AA1}.Debug|x64.ActiveCfg = Debug|x64
		{22920B76-0958-3697-82A2-7713C0594AA1}.Debug|x64.Build.0 = Debug|x64
		{22920B76-0958-3697-82A2-7713C0594AA1}.Release|x64.ActiveCfg = Release|x64
		{22920B76-0958-3697-82A2-7713C0594AA1}.Release|x64.Build.0 = Release|x64
		{22920B76-0958-3697-82A2-7713C0594AA1}.MinSizeRel|x64.ActiveCfg = MinSizeRel|x64
		{22920B76-0958-3697-82A2-7713C0594AA1}.MinSizeRel|x64.Build.0 = MinSizeRel|x64
		{22920B76-0958-3697-82A2-7713C0594AA1}.RelWithDebInfo|x64.ActiveCfg = RelWithDebInfo|x64
		{22920B76-0958-3697-82A2-7713C0594AA1}.RelWithDebInfo|x64.Build.0 = RelWithDebInfo|x64
		{309DF88D-20DB-31A0-8438-450E81484F22}.Debug|x64.ActiveCfg = Debug|x64
		{309DF88D-20DB-31A0-8438-450E81484F22}.Debug|x64.Build.0 = Debug|x64
		{309DF88D-20DB-31A0-8438-450E81484F22}.Release|x64.ActiveCfg = Release|x64
		{309DF88D-20DB-31A0-8438-450E81484F22}.Release|x64.Build.0 = Release|x64
		{309DF88D-20DB-31A0-8438-450E81484F22}.MinSizeRel|x64.ActiveCfg = MinSizeRel|x64
		{309DF88D-20DB-31A0-8438-450E81484F22}.MinSizeRel|x64.Build.0 = MinSizeRel|x64
		{309DF88D-20DB-31A0-8438-450E81484F22}.RelWithDebInfo|x64.ActiveCfg = RelWithDebInfo|x64
		{309DF88D-20DB-31A0-8438-450E81484F22}.RelWithDebInfo|x64.Build.0 = RelWithDebInfo|x64
		{1214F55C-5ACA-34B2-B695-C9CD9AB2D79D}.Debug|x64.ActiveCfg = Debug|x64
		{1214F55C-5ACA-34B2-B695-C9CD9AB2D79D}.Debug|x64.Build.0 = Debug|x64
		{1214F55C-5ACA-34B2-B695-C9CD9AB2D79D}.Release|x64.ActiveCfg = Release|x64
		{1214F55C-5ACA-34B2-B695-C9CD9AB2D79D}.Release|x64.Build.0 = Release|x64
		{1214F55C-5ACA-34B2-B695-C9CD9AB2D79D}.MinSizeRel|x64.ActiveCfg = MinSizeRel|x64
		{1214F55C-5ACA-34B2-B695-C9CD9AB2D79D}.MinSizeRel|x64.Build.0 = MinSizeRel|x64
		{1214F55C-5ACA-34B2-B695-C9CD9AB2D79D}.RelWithDebInfo|x64.ActiveCfg = RelWithDebInfo|x64
		{1214F55C-5ACA-34B2-B695-C9CD9AB2D79D}.RelWithDebInfo|x64.Build.0 = RelWithDebInfo|x64
		{3318AB14-5939-3EDA-B63C-A364DB4A3FDE}.Debug|x64.ActiveCfg = Debug|x64
		{3318AB14-5939-3EDA-B63C-A364DB4A3FDE}.Debug|x64.Build.0 = Debug|x64
		{3318AB14-5939-3EDA-B63C-A364DB4A3FDE}.Release|x64.ActiveCfg = Release|x64
		{3318AB14-5939-3EDA-B63C-A364DB4A3FDE}.Release|x64.Build.0 = Release|x64
		{3318AB14-5939-3EDA-B63C-A364DB4A3FDE}.MinSizeRel|x64.ActiveCfg = MinSizeRel|x64
		{3318AB14-5939-3EDA-B63C-A364DB4A3FDE}.MinSizeRel|x64.Build.0 = MinSizeRel|x64
		{3318AB14-5939-3EDA-B63C-A364DB4A3FDE}.RelWithDebInfo|x64.ActiveCfg = RelWithDebInfo|x64
		{3318AB14-5939-3EDA-B63C-A364DB4A3FDE}.RelWithDebInfo|x64.Build.0 = RelWithDebInfo|x64
		{673F3EBC-6AF9-3D85-B394-FA24D2BBB48D}.Debug|x64.ActiveCfg = Debug|x64
		{673F3EBC-6AF9-3D85-B394-FA24D2BBB48D}.Debug|x64.Build.0 = Debug|x64
		{673F3EBC-6AF9-3D85-B394-FA24D2BBB48D}.Release|x64.ActiveCfg = Release|x64
		{673F3EBC-6AF9-3D85-B394-FA24D2BBB48D}.Release|x64.Build.0 = Release|x64
		{673F3EBC-6AF9-3D85-B394-FA24D2BBB48D}.MinSizeRel|x64.ActiveCfg = MinSizeRel|x64
		{673F3EBC-6AF9-3D85-B394-FA24D2BBB48D}.MinSizeRel|x64.Build.0 = MinSizeRel|x64
		{673F3EBC-6AF9-3D85-B394-FA24D2BBB48D}.RelWithDebInfo|x64.ActiveCfg = RelWithDebInfo|x64
		{673F3EBC-6AF9-3D85-B394-FA24D2BBB48D}.RelWithDebInfo|x64.Build.0 = RelWithDebInfo|x64
		{8BB2110C-4855-33E7-B918-AAE166A98230}.Debug|x64.ActiveCfg = Debug|x64
		{8BB2110C-4855-33E7-B918-AAE166A98230}.Debug|x64.Build.0 = Debug|x64
		{8BB2110C-4855-33E7-B918-AAE166A98230}.Release|x64.ActiveCfg = Release|x64
		{8BB2110C-4855-33E7-B918-AAE166A98230}.Release|x64.Build.0 = Release|x64
		{8BB2110C-4855-33E7-B918-AAE166A98230}.MinSizeRel|x64.ActiveCfg = MinSizeRel|x64
		{8BB2110C-4855-33E7-B918-AAE166A98230}.MinSizeRel|x64.Build.0 = MinSizeRel|x64
		{8BB2110C-4855-33E7-B918-AAE166A98230}.RelWithDebInfo|x64.ActiveCfg = RelWithDebInfo|x64
		{8BB2110C-4855-33E7-B918-AAE166A98230}.RelWithDebInfo|x64.Build.0 = RelWithDebInfo|x64
		{699BB154-1624-3A1F-B48C-C4CA7E3C44AD}.Debug|x64.ActiveCfg = Debug|x64
		{699BB154-1624-3A1F-B48C-C4CA7E3C44AD}.Debug|x64.Build.0 = Debug|x64
		{699BB154-1624-3A1F-B48C-C4CA7E3C44AD}.Release|x64.ActiveCfg = Release|x64
		{699BB154-1624-3A1F-B48C-C4CA7E3C44AD}.Release|x64.Build.0 = Release|x64
		{699BB154-1624-3A1F-B48C-C4CA7E3C44AD}.MinSizeRel|x64.ActiveCfg = MinSizeRel|x64
		{699BB154-1624-3A1F-B48C-C4CA7E3C44AD}.MinSizeRel|x64.Build.0 = MinSizeRel|x64
		{699BB154-1624-3A1F-B48C-C4CA7E3C44AD}.RelWithDebInfo|x64.ActiveCfg = RelWithDebInfo|x64
		{699BB154-1624-3A1F-B48C-C4CA7E3C44AD}.RelWithDebInfo|x64.Build.0 = RelWithDebInfo|x64
		{6A3540A5-E82C-321C-AD9D-9253B84A6611}.Debug|x64.ActiveCfg = Debug|x64
		{6A3540A5-E82C-321C-AD9D-9253B84A6611}.Debug|x64.Build.0 = Debug|x64
		{6A3540A5-E82C-321C-AD9D-9253B84A6611}.Release|x64.ActiveCfg = Release|x64
		{6A3540A5-E82C-321C-AD9D-9253B84A6611}.Release|x64.Build.0 = Release|x64
		{6A3540A5-E82C-321C-AD9D-9253B84A6611}.MinSizeRel|x64.ActiveCfg = MinSizeRel|x64
		{6A3540A5-E82C-321C-AD9D-9253B84A6611}.MinSizeRel|x64.Build.0 = MinSizeRel|x64
		{6A3540A5-E82C-321C-AD9D-9253B84A6611}.RelWithDebInfo|x64.ActiveCfg = RelWithDebInfo|x64
		{6A3540A5-E82C-321C-AD9D-9253B84A6611}.RelWithDebInfo|x64.Build.0 = RelWithDebInfo|x64
		{38B09D70-E626-3E2C-90CA-A57E68A2813A}.Debug|x64.ActiveCfg = Debug|x64
		{38B09D70-E626-3E2C-90CA-A57E68A2813A}.Debug|x64.Build.0 = Debug|x64
		{38B09D70-E626-3E2C-90CA-A57E68A2813A}.Release|x64.ActiveCfg = Release|x64
		{38B09D70-E626-3E2C-90CA-A57E68A2813A}.Release|x64.Build.0 = Release|x64
		{38B09D70-E626-3E2C-90CA-A57E68A2813A}.MinSizeRel|x64.ActiveCfg = MinSizeRel|x64
		{38B09D70-E626-3E2C-90CA-A57E68A2813A}.MinSizeRel|x64.Build.0 = MinSizeRel|x64
		{38B09D70-E626-3E2C-90CA-A57E68A2813A}.RelWithDebInfo|x64.ActiveCfg = RelWithDebInfo|x64
		{38B09D70-E626-3E2C-90CA-A57E68A2813A}.RelWithDebInfo|x64.Build.0 = RelWithDebInfo|x64
		{677A001A-E0A7-3851-88DF-6860535F1C87}.Debug|x64.ActiveCfg = Debug|x64
		{677A001A-E0A7-3851-88DF-6860535F1C87}.Debug|x64.Build.0 = Debug|x64
		{677A001A-E0A7-3851-88DF-6860535F1C87}.Release|x64.ActiveCfg = Release|x64
		{677A001A-E0A7-3851-88DF-6860535F1C87}.Release|x64.Build.0 = Release|x64
		{677A001A-E0A7-3851-88DF-6860535F1C87}.MinSizeRel|x64.ActiveCfg = MinSizeRel|x64
		{677A001A-E0A7-3851-88DF-6860535F1C87}.MinSizeRel|x64.Build.0 = MinSizeRel|x64
		{677A001A-E0A7-3851-88DF-6860535F1C87}.RelWithDebInfo|x64.ActiveCfg = RelWithDebInfo|x64
		{677A001A-E0A7-3851-88DF-6860535F1C87}.RelWithDebInfo|x64.Build.0 = RelWithDebInfo|x64
		{776230BA-C2D6-3B8A-8D7D-24A5D6CC5EEE}.Debug|x64.ActiveCfg = Debug|x64
		{776230BA-C2D6-3B8A-8D7D-24A5D6CC5EEE}.Debug|x64.Build.0 = Debug|x64
		{776230BA-C2D6-3B8A-8D7D-24A5D6CC5EEE}.Release|x64.ActiveCfg = Release|x64
		{776230BA-C2D6-3B8A-8D7D-24A5D6CC5EEE}.Release|x64.Build.0 = Release|x64
		{776230BA-C2D6-3B8A-8D7D-24A5D6CC5EEE}.MinSizeRel|x64.ActiveCfg = MinSizeRel|x64
		{776230BA-C2D6-3B8A-8D7D-24A5D6CC5EEE}.MinSizeRel|x64.Build.0 = MinSizeRel|x64
		{776230BA-C2D6-3B8A-8D7D-24A5D6CC5EEE}.RelWithDebInfo|x64.ActiveCfg = RelWithDebInfo|x64
		{776230BA-C2D6-3B8A-8D7D-24A5D6CC5EEE}.RelWithDebInfo|x64.Build.0 = RelWithDebInfo|x64
		{15152032-F3D5-3887-ABBA-D51959FD0A8D}.Debug|x64.ActiveCfg = Debug|x64
		{15152032-F3D5-3887-ABBA-D51959FD0A8D}.Debug|x64.Build.0 = Debug|x64
		{15152032-F3D5-3887-ABBA-D51959FD0A8D}.Release|x64.ActiveCfg = Release|x64
		{15152032-F3D5-3887-ABBA-D51959FD0A8D}.Release|x64.Build.0 = Release|x64
		{15152032-F3D5-3887-ABBA-D51959FD0A8D}.MinSizeRel|x64.ActiveCfg = MinSizeRel|x64
		{15152032-F3D5-3887-ABBA-D51959FD0A8D}.MinSizeRel|x64.Build.0 = MinSizeRel|x64
		{15152032-F3D5-3887-ABBA-D51959FD0A8D}.RelWithDebInfo|x64.ActiveCfg = RelWithDebInfo|x64
		{15152032-F3D5-3887-ABBA-D51959FD0A8D}.RelWithDebInfo|x64.Build.0 = RelWithDebInfo|x64
		{AAC86504-7CE4-3BA0-B990-0A998646B0A2}.Debug|x64.ActiveCfg = Debug|x64
		{AAC86504-7CE4-3BA0-B990-0A998646B0A2}.Debug|x64.Build.0 = Debug|x64
		{AAC86504-7CE4-3BA0-B990-0A998646B0A2}.Release|x64.ActiveCfg = Release|x64
		{AAC86504-7CE4-3BA0-B990-0A998646B0A2}.Release|x64.Build.0 = Release|x64
		{AAC86504-7CE4-3BA0-B990-0A998646B0A2}.MinSizeRel|x64.ActiveCfg = MinSizeRel|x64
		{AAC86504-7CE4-3BA0-B990-0A998646B0A2}.MinSizeRel|x64.Build.0 = MinSizeRel|x64
		{AAC86504-7CE4-3BA0-B990-0A998646B0A2}.RelWithDebInfo|x64.ActiveCfg = RelWithDebInfo|x64
		{AAC86504-7CE4-3BA0-B990-0A998646B0A2}.RelWithDebInfo|x64.Build.0 = RelWithDebInfo|x64
		{516C1F63-94DB-348E-AFEB-232340C97C3C}.Debug|x64.ActiveCfg = Debug|x64
		{516C1F63-94DB-348E-AFEB-232340C97C3C}.Debug|x64.Build.0 = Debug|x64
		{516C1F63-94DB-348E-AFEB-232340C97C3C}.Release|x64.ActiveCfg = Release|x64
		{516C1F63-94DB-348E-AFEB-232340C97C3C}.Release|x64.Build.0 = Release|x64
		{516C1F63-94DB-348E-AFEB-232340C97C3C}.MinSizeRel|x64.ActiveCfg = MinSizeRel|x64
		{516C1F63-94DB-348E-AFEB-232340C97C3C}.MinSizeRel|x64.Build.0 = MinSizeRel|x64
		{516C1F63-94DB-348E-AFEB-232340C97C3C}.RelWithDebInfo|x64.ActiveCfg = RelWithDebInfo|x64
		{516C1F63-94DB-348E-AFEB-232340C97C3C}.RelWithDebInfo|x64.Build.0 = RelWithDebInfo|x64
		{8D81ABB9-83E5-38B6-A2B2-9EA5EE93C6E1}.Debug|x64.ActiveCfg = Debug|x64
		{8D81ABB9-83E5-38B6-A2B2-9EA5EE93C6E1}.Debug|x64.Build.0 = Debug|x64
		{8D81ABB9-83E5-38B6-A2B2-9EA5EE93C6E1}.Release|x64.ActiveCfg = Release|x64
		{8D81ABB9-83E5-38B6-A2B2-9EA5EE93C6E1}.Release|x64.Build.0 = Release|x64
		{8D81ABB9-83E5-38B6-A2B2-9EA5EE93C6E1}.MinSizeRel|x64.ActiveCfg = MinSizeRel|x64
		{8D81ABB9-83E5-38B6-A2B2-9EA5EE93C6E1}.MinSizeRel|x64.Build.0 = MinSizeRel|x64
		{8D81ABB9-83E5-38B6-A2B2-9EA5EE93C6E1}.RelWithDebInfo|x64.ActiveCfg = RelWithDebInfo|x64
		{8D81ABB9-83E5-38B6-A2B2-9EA5EE93C6E1}.RelWithDebInfo|x64.Build.0 = RelWithDebInfo|x64
		{266B8A8D-C570-3E69-8540-8D44C0CDB81C}.Debug|x64.ActiveCfg = Debug|x64
		{266B8A8D-C570-3E69-8540-8D44C0CDB81C}.Debug|x64.Build.0 = Debug|x64
		{266B8A8D-C570-3E69-8540-8D44C0CDB81C}.Release|x64.ActiveCfg = Release|x64
		{266B8A8D-C570-3E69-8540-8D44C0CDB81C}.Release|x64.Build.0 = Release|x64
		{266B8A8D-C570-3E69-8540-8D44C0CDB81C}.MinSizeRel|x64.ActiveCfg = MinSizeRel|x64
		{266B8A8D-C570-3E69-8540-8D44C0CDB81C}.MinSizeRel|x64.Build.0 = MinSizeRel|x64
		{266B8A8D-C570-3E69-8540-8D44C0CDB81C}.RelWithDebInfo|x64.ActiveCfg = RelWithDebInfo|x64
		{266B8A8D-C570-3E69-8540-8D44C0CDB81C}.RelWithDebInfo|x64.Build.0 = RelWithDebInfo|x64
		{0B32C6E7-8CF7-3B1C-A625-908E46EE2905}.Debug|x64.ActiveCfg = Debug|x64
		{0B32C6E7-8CF7-3B1C-A625-908E46EE2905}.Debug|x64.Build.0 = Debug|x64
		{0B32C6E7-8CF7-3B1C-A625-908E46EE2905}.Release|x64.ActiveCfg = Release|x64
		{0B32C6E7-8CF7-3B1C-A625-908E46EE2905}.Release|x64.Build.0 = Release|x64
		{0B32C6E7-8CF7-3B1C-A625-908E46EE2905}.MinSizeRel|x64.ActiveCfg = MinSizeRel|x64
		{0B32C6E7-8CF7-3B1C-A625-908E46EE2905}.MinSizeRel|x64.Build.0 = MinSizeRel|x64
		{0B32C6E7-8CF7-3B1C-A625-908E46EE2905}.RelWithDebInfo|x64.ActiveCfg = RelWithDebInfo|x64
		{0B32C6E7-8CF7-3B1C-A625-908E46EE2905}.RelWithDebInfo|x64.Build.0 = RelWithDebInfo|x64
		{3A3B7075-8391-316B-9F7D-1DE5BE1AAE48}.Debug|x64.ActiveCfg = Debug|x64
		{3A3B7075-8391-316B-9F7D-1DE5BE1AAE48}.Debug|x64.Build.0 = Debug|x64
		{3A3B7075-8391-316B-9F7D-1DE5BE1AAE48}.Release|x64.ActiveCfg = Release|x64
		{3A3B7075-8391-316B-9F7D-1DE5BE1AAE48}.Release|x64.Build.0 = Release|x64
		{3A3B7075-8391-316B-9F7D-1DE5BE1AAE48}.MinSizeRel|x64.ActiveCfg = MinSizeRel|x64
		{3A3B7075-8391-316B-9F7D-1DE5BE1AAE48}.MinSizeRel|x64.Build.0 = MinSizeRel|x64
		{3A3B7075-8391-316B-9F7D-1DE5BE1AAE48}.RelWithDebInfo|x64.ActiveCfg = RelWithDebInfo|x64
		{3A3B7075-8391-316B-9F7D-1DE5BE1AAE48}.RelWithDebInfo|x64.Build.0 = RelWithDebInfo|x64
		{053F7EC7-2224-39E3-90A1-AB2AFE1B6DAD}.Debug|x64.ActiveCfg = Debug|x64
		{053F7EC7-2224-39E3-90A1-AB2AFE1B6DAD}.Debug|x64.Build.0 = Debug|x64
		{053F7EC7-2224-39E3-90A1-AB2AFE1B6DAD}.Release|x64.ActiveCfg = Release|x64
		{053F7EC7-2224-39E3-90A1-AB2AFE1B6DAD}.Release|x64.Build.0 = Release|x64
		{053F7EC7-2224-39E3-90A1-AB2AFE1B6DAD}.MinSizeRel|x64.ActiveCfg = MinSizeRel|x64
		{053F7EC7-2224-39E3-90A1-AB2AFE1B6DAD}.MinSizeRel|x64.Build.0 = MinSizeRel|x64
		{053F7EC7-2224-39E3-90A1-AB2AFE1B6DAD}.RelWithDebInfo|x64.ActiveCfg = RelWithDebInfo|x64
		{053F7EC7-2224-39E3-90A1-AB2AFE1B6DAD}.RelWithDebInfo|x64.Build.0 = RelWithDebInfo|x64
		{643B189C-206B-3398-BCFA-92A0776E0EF3}.Debug|x64.ActiveCfg = Debug|x64
		{643B189C-206B-3398-BCFA-92A0776E0EF3}.Debug|x64.Build.0 = Debug|x64
		{643B189C-206B-3398-BCFA-92A0776E0EF3}.Release|x64.ActiveCfg = Release|x64
		{643B189C-206B-3398-BCFA-92A0776E0EF3}.Release|x64.Build.0 = Release|x64
		{643B189C-206B-3398-BCFA-92A0776E0EF3}.MinSizeRel|x64.ActiveCfg = MinSizeRel|x64
		{643B189C-206B-3398-BCFA-92A0776E0EF3}.MinSizeRel|x64.Build.0 = MinSizeRel|x64
		{643B189C-206B-3398-BCFA-92A0776E0EF3}.RelWithDebInfo|x64.ActiveCfg = RelWithDebInfo|x64
		{643B189C-206B-3398-BCFA-92A0776E0EF3}.RelWithDebInfo|x64.Build.0 = RelWithDebInfo|x64
		{55B982E7-D7B7-3EF0-B12D-07569DE991B1}.Debug|x64.ActiveCfg = Debug|x64
		{55B982E7-D7B7-3EF0-B12D-07569DE991B1}.Debug|x64.Build.0 = Debug|x64
		{55B982E7-D7B7-3EF0-B12D-07569DE991B1}.Release|x64.ActiveCfg = Release|x64
		{55B982E7-D7B7-3EF0-B12D-07569DE991B1}.Release|x64.Build.0 = Release|x64
		{55B982E7-D7B7-3EF0-B12D-07569DE991B1}.MinSizeRel|x64.ActiveCfg = MinSizeRel|x64
		{55B982E7-D7B7-3EF0-B12D-07569DE991B1}.MinSizeRel|x64.Build.0 = MinSizeRel|x64
		{55B982E7-D7B7-3EF0-B12D-07569DE991B1}.RelWithDebInfo|x64.ActiveCfg = RelWithDebInfo|x64
		{55B982E7-D7B7-3EF0-B12D-07569DE991B1}.RelWithDebInfo|x64.Build.0 = RelWithDebInfo|x64
		{910368F9-E841-3BF1-A7F3-9E6C058CE6BA}.Debug|x64.ActiveCfg = Debug|x64
		{910368F9-E841-3BF1-A7F3-9E6C058CE6BA}.Debug|x64.Build.0 = Debug|x64
		{910368F9-E841-3BF1-A7F3-9E6C058CE6BA}.Release|x64.ActiveCfg = Release|x64
		{910368F9-E841-3BF1-A7F3-9E6C058CE6BA}.Release|x64.Build.0 = Release|x64
		{910368F9-E841-3BF1-A7F3-9E6C058CE6BA}.MinSizeRel|x64.ActiveCfg = MinSizeRel|x64
		{910368F9-E841-3BF1-A7F3-9E6C058CE6BA}.MinSizeRel|x64.Build.0 = MinSizeRel|x64
		{910368F9-E841-3BF1-A7F3-9E6C058CE6BA}.RelWithDebInfo|x64.ActiveCfg = RelWithDebInfo|x64
		{910368F9-E841-3BF1-A7F3-9E6C058CE6BA}.RelWithDebInfo|x64.Build.0 = RelWithDebInfo|x64
		{49D5C6A3-E5BF-37AC-85C5-2FA45F617079}.Debug|x64.ActiveCfg = Debug|x64
		{49D5C6A3-E5BF-37AC-85C5-2FA45F617079}.Debug|x64.Build.0 = Debug|x64
		{49D5C6A3-E5BF-37AC-85C5-2FA45F617079}.Release|x64.ActiveCfg = Release|x64
		{49D5C6A3-E5BF-37AC-85C5-2FA45F617079}.Release|x64.Build.0 = Release|x64
		{49D5C6A3-E5BF-37AC-85C5-2FA45F617079}.MinSizeRel|x64.ActiveCfg = MinSizeRel|x64
		{49D5C6A3-E5BF-37AC-85C5-2FA45F617079}.MinSizeRel|x64.Build.0 = MinSizeRel|x64
		{49D5C6A3-E5BF-37AC-85C5-2FA45F617079}.RelWithDebInfo|x64.ActiveCfg = RelWithDebInfo|x64
		{49D5C6A3-E5BF-37AC-85C5-2FA45F617079}.RelWithDebInfo|x64.Build.0 = RelWithDebInfo|x64
		{A92E0738-5CFB-3069-91C2-49EF0531D58E}.Debug|x64.ActiveCfg = Debug|x64
		{A92E0738-5CFB-3069-91C2-49EF0531D58E}.Debug|x64.Build.0 = Debug|x64
		{A92E0738-5CFB-3069-91C2-49EF0531D58E}.Release|x64.ActiveCfg = Release|x64
		{A92E0738-5CFB-3069-91C2-49EF0531D58E}.Release|x64.Build.0 = Release|x64
		{A92E0738-5CFB-3069-91C2-49EF0531D58E}.MinSizeRel|x64.ActiveCfg = MinSizeRel|x64
		{A92E0738-5CFB-3069-91C2-49EF0531D58E}.MinSizeRel|x64.Build.0 = MinSizeRel|x64
		{A92E0738-5CFB-3069-91C2-49EF0531D58E}.RelWithDebInfo|x64.ActiveCfg = RelWithDebInfo|x64
		{A92E0738-5CFB-3069-91C2-49EF0531D58E}.RelWithDebInfo|x64.Build.0 = RelWithDebInfo|x64
		{5033F0CE-4F42-3F22-922B-15F5B942A615}.Debug|x64.ActiveCfg = Debug|x64
		{5033F0CE-4F42-3F22-922B-15F5B942A615}.Debug|x64.Build.0 = Debug|x64
		{5033F0CE-4F42-3F22-922B-15F5B942A615}.Release|x64.ActiveCfg = Release|x64
		{5033F0CE-4F42-3F22-922B-15F5B942A615}.Release|x64.Build.0 = Release|x64
		{5033F0CE-4F42-3F22-922B-15F5B942A615}.MinSizeRel|x64.ActiveCfg = MinSizeRel|x64
		{5033F0CE-4F42-3F22-922B-15F5B942A615}.MinSizeRel|x64.Build.0 = MinSizeRel|x64
		{5033F0CE-4F42-3F22-922B-15F5B942A615}.RelWithDebInfo|x64.ActiveCfg = RelWithDebInfo|x64
		{5033F0CE-4F42-3F22-922B-15F5B942A615}.RelWithDebInfo|x64.Build.0 = RelWithDebInfo|x64
		{A6BF23B0-1CDB-312D-9F31-95FE0FC4D315}.Debug|x64.ActiveCfg = Debug|x64
		{A6BF23B0-1CDB-312D-9F31-95FE0FC4D315}.Debug|x64.Build.0 = Debug|x64
		{A6BF23B0-1CDB-312D-9F31-95FE0FC4D315}.Release|x64.ActiveCfg = Release|x64
		{A6BF23B0-1CDB-312D-9F31-95FE0FC4D315}.Release|x64.Build.0 = Release|x64
		{A6BF23B0-1CDB-312D-9F31-95FE0FC4D315}.MinSizeRel|x64.ActiveCfg = MinSizeRel|x64
		{A6BF23B0-1CDB-312D-9F31-95FE0FC4D315}.MinSizeRel|x64.Build.0 = MinSizeRel|x64
		{A6BF23B0-1CDB-312D-9F31-95FE0FC4D315}.RelWithDebInfo|x64.ActiveCfg = RelWithDebInfo|x64
		{A6BF23B0-1CDB-312D-9F31-95FE0FC4D315}.RelWithDebInfo|x64.Build.0 = RelWithDebInfo|x64
		{C312185F-195D-3ADA-8373-1660F949EA05}.Debug|x64.ActiveCfg = Debug|x64
		{C312185F-195D-3ADA-8373-1660F949EA05}.Debug|x64.Build.0 = Debug|x64
		{C312185F-195D-3ADA-8373-1660F949EA05}.Release|x64.ActiveCfg = Release|x64
		{C312185F-195D-3ADA-8373-1660F949EA05}.Release|x64.Build.0 = Release|x64
		{C312185F-195D-3ADA-8373-1660F949EA05}.MinSizeRel|x64.ActiveCfg = MinSizeRel|x64
		{C312185F-195D-3ADA-8373-1660F949EA05}.MinSizeRel|x64.Build.0 = MinSizeRel|x64
		{C312185F-195D-3ADA-8373-1660F949EA05}.RelWithDebInfo|x64.ActiveCfg = RelWithDebInfo|x64
		{C312185F-195D-3ADA-8373-1660F949EA05}.RelWithDebInfo|x64.Build.0 = RelWithDebInfo|x64
	EndGlobalSection
	GlobalSection(ExtensibilityGlobals) = postSolution
		SolutionGuid = {6B23A816-32D0-374B-B93F-E84A3AD56920}
	EndGlobalSection
	GlobalSection(ExtensibilityAddIns) = postSolution
	EndGlobalSection
EndGlobal
